
Microsoft Visual Studio Solution File, Format Version 12.00
Project("{FAE04EC0-301F-11D3-BF4B-00C04F79EFBC}") = "GridDomain.Aggregates", "GridDomain.Aggregates\GridDomain.Aggregates.csproj", "{F53BEFBA-72B7-48C1-949E-643B8058B392}"
EndProject
Project("{FAE04EC0-301F-11D3-BF4B-00C04F79EFBC}") = "GridDomain.Common", "GridDomain.Common\GridDomain.Common.csproj", "{EFACB7A6-DFBD-4C6E-B6E5-4F81EBB3AB49}"
EndProject
Project("{FAE04EC0-301F-11D3-BF4B-00C04F79EFBC}") = "GridDomain.Aggregates.Tests", "GridDomain.Aggregates.Tests\GridDomain.Aggregates.Tests.csproj", "{FB8B9415-958B-431F-9B42-FACDF70780BC}"
EndProject
Project("{FAE04EC0-301F-11D3-BF4B-00C04F79EFBC}") = "GridDomain.Scenarios", "GridDomain.Scenarios\GridDomain.Scenarios.csproj", "{74580880-4B29-4193-8208-FACD8B53AB57}"
EndProject
Project("{FAE04EC0-301F-11D3-BF4B-00C04F79EFBC}") = "GridDomain.Scenarios.Tests", "GridDomain.Scenarios.Tests\GridDomain.Scenarios.Tests.csproj", "{2766E519-EE7C-4C5C-BC43-F49AAA1627F9}"
EndProject
Project("{FAE04EC0-301F-11D3-BF4B-00C04F79EFBC}") = "GridDomain.Node", "GridDomain.Node\GridDomain.Node.csproj", "{0D0AF261-0206-4B41-8748-A4DE10ECBFF0}"
EndProject
Project("{FAE04EC0-301F-11D3-BF4B-00C04F79EFBC}") = "GridDomain.Node.Tests", "GridDomain.Node.Tests\GridDomain.Node.Tests.csproj", "{723268F2-33D4-4913-9BCF-8C8146C99A2E}"
EndProject
Project("{FAE04EC0-301F-11D3-BF4B-00C04F79EFBC}") = "GridDomain.Query", "GridDomain.Query\GridDomain.Query.csproj", "{8C57D085-BED7-4F1A-A764-FBD1FDB780C5}"
EndProject
Project("{FAE04EC0-301F-11D3-BF4B-00C04F79EFBC}") = "GridDomain.Cluster.Tests", "GridDomain.Cluster.Tests\GridDomain.Cluster.Tests.csproj", "{FA20EB77-11DE-42C0-83E8-737F1D94529F}"
EndProject
Project("{FAE04EC0-301F-11D3-BF4B-00C04F79EFBC}") = "GridDomain.Domains", "GridDomain.Domains\GridDomain.Domains.csproj", "{D8BD57F1-86E6-4615-9AEE-0852B531F66A}"
EndProject
Project("{2150E333-8FDC-42A3-9474-1A3956D46DE8}") = "Tests", "Tests", "{E436E3D6-BBEE-410E-ABD9-D62A11F6E760}"
EndProject
Global
	GlobalSection(SolutionConfigurationPlatforms) = preSolution
		Debug|Any CPU = Debug|Any CPU
		Release|Any CPU = Release|Any CPU
	EndGlobalSection
	GlobalSection(ProjectConfigurationPlatforms) = postSolution
		{F53BEFBA-72B7-48C1-949E-643B8058B392}.Debug|Any CPU.ActiveCfg = Debug|Any CPU
		{F53BEFBA-72B7-48C1-949E-643B8058B392}.Debug|Any CPU.Build.0 = Debug|Any CPU
		{F53BEFBA-72B7-48C1-949E-643B8058B392}.Release|Any CPU.ActiveCfg = Release|Any CPU
		{F53BEFBA-72B7-48C1-949E-643B8058B392}.Release|Any CPU.Build.0 = Release|Any CPU
		{EFACB7A6-DFBD-4C6E-B6E5-4F81EBB3AB49}.Debug|Any CPU.ActiveCfg = Debug|Any CPU
		{EFACB7A6-DFBD-4C6E-B6E5-4F81EBB3AB49}.Debug|Any CPU.Build.0 = Debug|Any CPU
		{EFACB7A6-DFBD-4C6E-B6E5-4F81EBB3AB49}.Release|Any CPU.ActiveCfg = Release|Any CPU
		{EFACB7A6-DFBD-4C6E-B6E5-4F81EBB3AB49}.Release|Any CPU.Build.0 = Release|Any CPU
		{FB8B9415-958B-431F-9B42-FACDF70780BC}.Debug|Any CPU.ActiveCfg = Debug|Any CPU
		{FB8B9415-958B-431F-9B42-FACDF70780BC}.Debug|Any CPU.Build.0 = Debug|Any CPU
		{FB8B9415-958B-431F-9B42-FACDF70780BC}.Release|Any CPU.ActiveCfg = Release|Any CPU
		{FB8B9415-958B-431F-9B42-FACDF70780BC}.Release|Any CPU.Build.0 = Release|Any CPU
		{74580880-4B29-4193-8208-FACD8B53AB57}.Debug|Any CPU.ActiveCfg = Debug|Any CPU
		{74580880-4B29-4193-8208-FACD8B53AB57}.Debug|Any CPU.Build.0 = Debug|Any CPU
		{74580880-4B29-4193-8208-FACD8B53AB57}.Release|Any CPU.ActiveCfg = Release|Any CPU
		{74580880-4B29-4193-8208-FACD8B53AB57}.Release|Any CPU.Build.0 = Release|Any CPU
		{2766E519-EE7C-4C5C-BC43-F49AAA1627F9}.Debug|Any CPU.ActiveCfg = Debug|Any CPU
		{2766E519-EE7C-4C5C-BC43-F49AAA1627F9}.Debug|Any CPU.Build.0 = Debug|Any CPU
		{2766E519-EE7C-4C5C-BC43-F49AAA1627F9}.Release|Any CPU.ActiveCfg = Release|Any CPU
		{2766E519-EE7C-4C5C-BC43-F49AAA1627F9}.Release|Any CPU.Build.0 = Release|Any CPU
		{0D0AF261-0206-4B41-8748-A4DE10ECBFF0}.Debug|Any CPU.ActiveCfg = Debug|Any CPU
		{0D0AF261-0206-4B41-8748-A4DE10ECBFF0}.Debug|Any CPU.Build.0 = Debug|Any CPU
		{0D0AF261-0206-4B41-8748-A4DE10ECBFF0}.Release|Any CPU.ActiveCfg = Release|Any CPU
		{0D0AF261-0206-4B41-8748-A4DE10ECBFF0}.Release|Any CPU.Build.0 = Release|Any CPU
		{723268F2-33D4-4913-9BCF-8C8146C99A2E}.Debug|Any CPU.ActiveCfg = Debug|Any CPU
		{723268F2-33D4-4913-9BCF-8C8146C99A2E}.Debug|Any CPU.Build.0 = Debug|Any CPU
		{723268F2-33D4-4913-9BCF-8C8146C99A2E}.Release|Any CPU.ActiveCfg = Release|Any CPU
		{723268F2-33D4-4913-9BCF-8C8146C99A2E}.Release|Any CPU.Build.0 = Release|Any CPU
		{8C57D085-BED7-4F1A-A764-FBD1FDB780C5}.Debug|Any CPU.ActiveCfg = Debug|Any CPU
		{8C57D085-BED7-4F1A-A764-FBD1FDB780C5}.Debug|Any CPU.Build.0 = Debug|Any CPU
		{8C57D085-BED7-4F1A-A764-FBD1FDB780C5}.Release|Any CPU.ActiveCfg = Release|Any CPU
		{8C57D085-BED7-4F1A-A764-FBD1FDB780C5}.Release|Any CPU.Build.0 = Release|Any CPU
		{FA20EB77-11DE-42C0-83E8-737F1D94529F}.Debug|Any CPU.ActiveCfg = Debug|Any CPU
		{FA20EB77-11DE-42C0-83E8-737F1D94529F}.Debug|Any CPU.Build.0 = Debug|Any CPU
		{FA20EB77-11DE-42C0-83E8-737F1D94529F}.Release|Any CPU.ActiveCfg = Release|Any CPU
		{FA20EB77-11DE-42C0-83E8-737F1D94529F}.Release|Any CPU.Build.0 = Release|Any CPU
		{D8BD57F1-86E6-4615-9AEE-0852B531F66A}.Debug|Any CPU.ActiveCfg = Debug|Any CPU
		{D8BD57F1-86E6-4615-9AEE-0852B531F66A}.Debug|Any CPU.Build.0 = Debug|Any CPU
		{D8BD57F1-86E6-4615-9AEE-0852B531F66A}.Release|Any CPU.ActiveCfg = Release|Any CPU
		{D8BD57F1-86E6-4615-9AEE-0852B531F66A}.Release|Any CPU.Build.0 = Release|Any CPU
	EndGlobalSection
	GlobalSection(NestedProjects) = preSolution
		{FB8B9415-958B-431F-9B42-FACDF70780BC} = {E436E3D6-BBEE-410E-ABD9-D62A11F6E760}
		{FA20EB77-11DE-42C0-83E8-737F1D94529F} = {E436E3D6-BBEE-410E-ABD9-D62A11F6E760}
		{723268F2-33D4-4913-9BCF-8C8146C99A2E} = {E436E3D6-BBEE-410E-ABD9-D62A11F6E760}
		{2766E519-EE7C-4C5C-BC43-F49AAA1627F9} = {E436E3D6-BBEE-410E-ABD9-D62A11F6E760}
	EndGlobalSection
EndGlobal
