
Microsoft Visual Studio Solution File, Format Version 12.00
# Visual Studio 15
VisualStudioVersion = 15.0.26711.1
MinimumVisualStudioVersion = 10.0.40219.1
Project("{9A19103F-16F7-4668-BE54-9A1E7A4F7556}") = "GridDomain.CQRS", "GridDomain.CQRS\GridDomain.CQRS.csproj", "{666BBC35-B3D8-403B-B907-BA0ED62F3F09}"
EndProject
Project("{9A19103F-16F7-4668-BE54-9A1E7A4F7556}") = "GridDomain.Common", "GridDomain.Common\GridDomain.Common.csproj", "{06DAA3E0-3FD8-4D6D-9173-CA4EA1A60F53}"
EndProject
Project("{9A19103F-16F7-4668-BE54-9A1E7A4F7556}") = "GridDomain.EventSourcing", "GridDomain.EventSourcing\GridDomain.EventSourcing.csproj", "{3FF79114-BAC6-4B56-838F-CD63F0894A38}"
EndProject
Project("{9A19103F-16F7-4668-BE54-9A1E7A4F7556}") = "GridDomain.ProcessManagers", "GridDomain.ProcessManagers\GridDomain.ProcessManagers.csproj", "{EEE0F83B-D1C2-49B7-8460-4F9DE743C698}"
EndProject
Project("{9A19103F-16F7-4668-BE54-9A1E7A4F7556}") = "GridDomain.Scheduling", "GridDomain.Scheduling\GridDomain.Scheduling.csproj", "{6E98268B-F1DA-44E7-9926-7BBF19A0FB5F}"
EndProject
Project("{9A19103F-16F7-4668-BE54-9A1E7A4F7556}") = "GridDomain.Configuration", "GridDomain.Configuration\GridDomain.Configuration.csproj", "{386BF7B1-83A2-490F-AA06-D5756376B868}"
EndProject
Project("{9A19103F-16F7-4668-BE54-9A1E7A4F7556}") = "GridDomain.Node", "GridDomain.Node\GridDomain.Node.csproj", "{C2709993-D05E-49A8-950F-04A1F2A8BD87}"
EndProject
Project("{9A19103F-16F7-4668-BE54-9A1E7A4F7556}") = "GridDomain.Scheduling.Akka", "GridDomain.Scheduling.Akka\GridDomain.Scheduling.Akka.csproj", "{809AA605-D830-4A00-A1E8-719BE1E69B47}"
EndProject
Project("{9A19103F-16F7-4668-BE54-9A1E7A4F7556}") = "GridDomain.Tests.Common", "GridDomain.Tests.Common\GridDomain.Tests.Common.csproj", "{AED1BC61-D13E-454B-A07B-B443A9097298}"
EndProject
Project("{9A19103F-16F7-4668-BE54-9A1E7A4F7556}") = "GridDomain.Tools", "GridDomain.Tools\GridDomain.Tools.csproj", "{99763B95-220B-46AA-9155-84E3C1AD6BB2}"
EndProject
Project("{9A19103F-16F7-4668-BE54-9A1E7A4F7556}") = "GridDomain.Tests.Unit", "GridDomain.Tests.Unit\GridDomain.Tests.Unit.csproj", "{EA000DB4-5719-4543-B8B9-DFCAAA5B49E9}"
EndProject
Project("{9A19103F-16F7-4668-BE54-9A1E7A4F7556}") = "GridDomain.Tests.Acceptance", "GridDomain.Tests.Acceptance\GridDomain.Tests.Acceptance.csproj", "{1B146A39-52FA-4FE3-A88C-FF4110FAEC5D}"
EndProject
Global
	GlobalSection(SolutionConfigurationPlatforms) = preSolution
		Debug|Any CPU = Debug|Any CPU
		Release|Any CPU = Release|Any CPU
	EndGlobalSection
	GlobalSection(ProjectConfigurationPlatforms) = postSolution
		{666BBC35-B3D8-403B-B907-BA0ED62F3F09}.Debug|Any CPU.ActiveCfg = Debug|Any CPU
		{666BBC35-B3D8-403B-B907-BA0ED62F3F09}.Debug|Any CPU.Build.0 = Debug|Any CPU
		{666BBC35-B3D8-403B-B907-BA0ED62F3F09}.Release|Any CPU.ActiveCfg = Release|Any CPU
		{666BBC35-B3D8-403B-B907-BA0ED62F3F09}.Release|Any CPU.Build.0 = Release|Any CPU
		{06DAA3E0-3FD8-4D6D-9173-CA4EA1A60F53}.Debug|Any CPU.ActiveCfg = Debug|Any CPU
		{06DAA3E0-3FD8-4D6D-9173-CA4EA1A60F53}.Debug|Any CPU.Build.0 = Debug|Any CPU
		{06DAA3E0-3FD8-4D6D-9173-CA4EA1A60F53}.Release|Any CPU.ActiveCfg = Release|Any CPU
		{06DAA3E0-3FD8-4D6D-9173-CA4EA1A60F53}.Release|Any CPU.Build.0 = Release|Any CPU
		{3FF79114-BAC6-4B56-838F-CD63F0894A38}.Debug|Any CPU.ActiveCfg = Debug|Any CPU
		{3FF79114-BAC6-4B56-838F-CD63F0894A38}.Debug|Any CPU.Build.0 = Debug|Any CPU
		{3FF79114-BAC6-4B56-838F-CD63F0894A38}.Release|Any CPU.ActiveCfg = Release|Any CPU
		{3FF79114-BAC6-4B56-838F-CD63F0894A38}.Release|Any CPU.Build.0 = Release|Any CPU
		{EEE0F83B-D1C2-49B7-8460-4F9DE743C698}.Debug|Any CPU.ActiveCfg = Debug|Any CPU
		{EEE0F83B-D1C2-49B7-8460-4F9DE743C698}.Debug|Any CPU.Build.0 = Debug|Any CPU
		{EEE0F83B-D1C2-49B7-8460-4F9DE743C698}.Release|Any CPU.ActiveCfg = Release|Any CPU
		{EEE0F83B-D1C2-49B7-8460-4F9DE743C698}.Release|Any CPU.Build.0 = Release|Any CPU
		{6E98268B-F1DA-44E7-9926-7BBF19A0FB5F}.Debug|Any CPU.ActiveCfg = Debug|Any CPU
		{6E98268B-F1DA-44E7-9926-7BBF19A0FB5F}.Debug|Any CPU.Build.0 = Debug|Any CPU
		{6E98268B-F1DA-44E7-9926-7BBF19A0FB5F}.Release|Any CPU.ActiveCfg = Release|Any CPU
		{6E98268B-F1DA-44E7-9926-7BBF19A0FB5F}.Release|Any CPU.Build.0 = Release|Any CPU
		{386BF7B1-83A2-490F-AA06-D5756376B868}.Debug|Any CPU.ActiveCfg = Debug|Any CPU
		{386BF7B1-83A2-490F-AA06-D5756376B868}.Debug|Any CPU.Build.0 = Debug|Any CPU
		{386BF7B1-83A2-490F-AA06-D5756376B868}.Release|Any CPU.ActiveCfg = Release|Any CPU
		{386BF7B1-83A2-490F-AA06-D5756376B868}.Release|Any CPU.Build.0 = Release|Any CPU
		{C2709993-D05E-49A8-950F-04A1F2A8BD87}.Debug|Any CPU.ActiveCfg = Debug|Any CPU
		{C2709993-D05E-49A8-950F-04A1F2A8BD87}.Debug|Any CPU.Build.0 = Debug|Any CPU
		{C2709993-D05E-49A8-950F-04A1F2A8BD87}.Release|Any CPU.ActiveCfg = Release|Any CPU
		{C2709993-D05E-49A8-950F-04A1F2A8BD87}.Release|Any CPU.Build.0 = Release|Any CPU
		{809AA605-D830-4A00-A1E8-719BE1E69B47}.Debug|Any CPU.ActiveCfg = Debug|Any CPU
		{809AA605-D830-4A00-A1E8-719BE1E69B47}.Debug|Any CPU.Build.0 = Debug|Any CPU
		{809AA605-D830-4A00-A1E8-719BE1E69B47}.Release|Any CPU.ActiveCfg = Release|Any CPU
		{809AA605-D830-4A00-A1E8-719BE1E69B47}.Release|Any CPU.Build.0 = Release|Any CPU
		{AED1BC61-D13E-454B-A07B-B443A9097298}.Debug|Any CPU.ActiveCfg = Debug|Any CPU
		{AED1BC61-D13E-454B-A07B-B443A9097298}.Debug|Any CPU.Build.0 = Debug|Any CPU
		{AED1BC61-D13E-454B-A07B-B443A9097298}.Release|Any CPU.ActiveCfg = Release|Any CPU
		{AED1BC61-D13E-454B-A07B-B443A9097298}.Release|Any CPU.Build.0 = Release|Any CPU
		{99763B95-220B-46AA-9155-84E3C1AD6BB2}.Debug|Any CPU.ActiveCfg = Debug|Any CPU
		{99763B95-220B-46AA-9155-84E3C1AD6BB2}.Debug|Any CPU.Build.0 = Debug|Any CPU
		{99763B95-220B-46AA-9155-84E3C1AD6BB2}.Release|Any CPU.ActiveCfg = Release|Any CPU
		{99763B95-220B-46AA-9155-84E3C1AD6BB2}.Release|Any CPU.Build.0 = Release|Any CPU
		{EA000DB4-5719-4543-B8B9-DFCAAA5B49E9}.Debug|Any CPU.ActiveCfg = Debug|Any CPU
		{EA000DB4-5719-4543-B8B9-DFCAAA5B49E9}.Debug|Any CPU.Build.0 = Debug|Any CPU
		{EA000DB4-5719-4543-B8B9-DFCAAA5B49E9}.Release|Any CPU.ActiveCfg = Release|Any CPU
		{EA000DB4-5719-4543-B8B9-DFCAAA5B49E9}.Release|Any CPU.Build.0 = Release|Any CPU
		{1B146A39-52FA-4FE3-A88C-FF4110FAEC5D}.Debug|Any CPU.ActiveCfg = Debug|Any CPU
		{1B146A39-52FA-4FE3-A88C-FF4110FAEC5D}.Debug|Any CPU.Build.0 = Debug|Any CPU
		{1B146A39-52FA-4FE3-A88C-FF4110FAEC5D}.Release|Any CPU.ActiveCfg = Release|Any CPU
		{1B146A39-52FA-4FE3-A88C-FF4110FAEC5D}.Release|Any CPU.Build.0 = Release|Any CPU
	EndGlobalSection
	GlobalSection(SolutionProperties) = preSolution
		HideSolutionNode = FALSE
	EndGlobalSection
	GlobalSection(ExtensibilityGlobals) = postSolution
		SolutionGuid = {4094C694-DAD9-4CA2-9AA0-F2F0C9DCFD50}
	EndGlobalSection
EndGlobal
