
Microsoft Visual Studio Solution File, Format Version 12.00
# Visual Studio 15
VisualStudioVersion = 15.0.26206.0
MinimumVisualStudioVersion = 10.0.40219.1
Project("{FAE04EC0-301F-11D3-BF4B-00C04F79EFBC}") = "GridDomain.CQRS.Messaging", "GridDomain.CQRS.Messaging\GridDomain.CQRS.Messaging.csproj", "{731D63E0-D750-40CA-B33E-1BBD6DA93CF4}"
EndProject
Project("{FAE04EC0-301F-11D3-BF4B-00C04F79EFBC}") = "GridDomain.EventSourcing", "GridDomain.EventSourcing\GridDomain.EventSourcing.csproj", "{AF9DBE6F-985E-43B5-85C6-A7C52E1BD601}"
EndProject
Project("{FAE04EC0-301F-11D3-BF4B-00C04F79EFBC}") = "GridDomain.CQRS", "GridDomain.CQRS\GridDomain.CQRS.csproj", "{80D3B1CD-E656-4243-BCC8-AB6EB694F7C1}"
EndProject
Project("{FAE04EC0-301F-11D3-BF4B-00C04F79EFBC}") = "GridDomain.Logging", "GridDomain.Logging\GridDomain.Logging.csproj", "{E356647A-561E-4290-AD71-EF5DC92BF5C7}"
EndProject
Project("{FAE04EC0-301F-11D3-BF4B-00C04F79EFBC}") = "GridDomain.Node", "GridDomain.Node\GridDomain.Node.csproj", "{760BE08A-D943-4A71-944E-938590527153}"
EndProject
Project("{FAE04EC0-301F-11D3-BF4B-00C04F79EFBC}") = "GridDomain.EventSourcing.Sagas", "GridDomain.EventSourcing.Sagas\GridDomain.EventSourcing.Sagas.csproj", "{EBA75163-804C-4C58-8E5E-6764C1155BE5}"
EndProject
Project("{FAE04EC0-301F-11D3-BF4B-00C04F79EFBC}") = "GridDomain.Scheduling", "GridDomain.Scheduling\GridDomain.Scheduling.csproj", "{96037181-43D1-4AE5-A9E8-0660D4CC4C82}"
EndProject
Project("{FAE04EC0-301F-11D3-BF4B-00C04F79EFBC}") = "GridDomain.CQRS.Messaging.Akka", "GridDomain.CQRS.Messaging.Akka\GridDomain.CQRS.Messaging.Akka.csproj", "{2825362B-D2B2-48FB-80CD-2D20F4F29F0F}"
EndProject
Project("{FAE04EC0-301F-11D3-BF4B-00C04F79EFBC}") = "GridDomain.Common", "GridDomain.Common\GridDomain.Common.csproj", "{AB9BB393-1874-4421-A78A-55D9977A6173}"
EndProject
Project("{FAE04EC0-301F-11D3-BF4B-00C04F79EFBC}") = "GridGomain.Tests.Stress", "GridGomain.Tests.Stress\GridGomain.Tests.Stress.csproj", "{5DA0C909-A90C-4D12-B450-137A8555C0E2}"
EndProject
Project("{FAE04EC0-301F-11D3-BF4B-00C04F79EFBC}") = "GridDomain.Tools", "GridDomain.Tools\GridDomain.Tools.csproj", "{52D64E51-E1D5-45F6-8C2A-E436C0A03ED3}"
EndProject
Project("{2150E333-8FDC-42A3-9474-1A3956D46DE8}") = "Tests", "Tests", "{FAE42EE3-3882-4F70-994D-04A2D5EB07A7}"
EndProject
Project("{2150E333-8FDC-42A3-9474-1A3956D46DE8}") = "Examples", "Examples", "{035FC0F5-C50D-431E-8FE7-84DDD0AFECCB}"
EndProject
Project("{2150E333-8FDC-42A3-9474-1A3956D46DE8}") = "Shop", "Shop", "{5FDD57E7-9D56-4BA7-9C2F-C2E9B78A2143}"
EndProject
Project("{FAE04EC0-301F-11D3-BF4B-00C04F79EFBC}") = "GridDomain.Tests.Unit", "GridDomain.Tests.Unit\GridDomain.Tests.Unit.csproj", "{46CC4BE2-93BE-4807-9B1A-7A10DFEA29AF}"
EndProject
Project("{FAE04EC0-301F-11D3-BF4B-00C04F79EFBC}") = "GridDomain.Tests.Acceptance", "GridDomain.Tests.Acceptance\GridDomain.Tests.Acceptance.csproj", "{C2552609-5E29-4187-8D6A-E2F5D82BFF35}"
EndProject
Project("{FAE04EC0-301F-11D3-BF4B-00C04F79EFBC}") = "Shop.Composition", "Examples\Shop.Composition\Shop.Composition.csproj", "{B2A45BA3-C914-429E-BCC4-DF1199E6D072}"
EndProject
Project("{FAE04EC0-301F-11D3-BF4B-00C04F79EFBC}") = "Shop.Domain", "Examples\Shop.Domain\Shop.Domain.csproj", "{EE0B4C0C-7368-4316-8C95-410C91B3E683}"
EndProject
Project("{FAE04EC0-301F-11D3-BF4B-00C04F79EFBC}") = "Shop.Infrastructure", "Examples\Shop.Infrastructure\Shop.Infrastructure.csproj", "{DD89FF59-69D6-443D-BA52-669A41F62ADC}"
EndProject
Project("{FAE04EC0-301F-11D3-BF4B-00C04F79EFBC}") = "Shop.ReadModel", "Examples\Shop.ReadModel\Shop.ReadModel.csproj", "{105B2938-9764-4341-9C70-D8EAF182D516}"
EndProject
Project("{FAE04EC0-301F-11D3-BF4B-00C04F79EFBC}") = "Shop.API", "Examples\Shop.API\Shop.API.csproj", "{DEED3428-0247-4BB9-ABA1-D48A8EB02BB4}"
EndProject
Project("{FAE04EC0-301F-11D3-BF4B-00C04F79EFBC}") = "Shop.Tests.Unit", "Examples\Shop.Tests.Unit\Shop.Tests.Unit.csproj", "{4A92DD22-5C34-4F30-9CB3-1FEB4E452CC2}"
EndProject
Project("{FAE04EC0-301F-11D3-BF4B-00C04F79EFBC}") = "Shop.Tests.Acceptance", "Examples\Shop.Tests.Acceptance\Shop.Tests.Acceptance.csproj", "{ED7A4C35-71B2-4ECA-9E18-98D62F9B83A7}"
EndProject
Project("{FAE04EC0-301F-11D3-BF4B-00C04F79EFBC}") = "GridDomain.Tests.Common", "GridDomain.Tests.Common\GridDomain.Tests.Common.csproj", "{ADBAC768-C2F7-43BD-AA76-FC004BC054D8}"
EndProject
Project("{FAE04EC0-301F-11D3-BF4B-00C04F79EFBC}") = "GridDomain.Configuration", "GridDomain.DomainConfiguration\GridDomain.Configuration.csproj", "{254E5ABE-9DBB-4951-BA91-50A2AA8909B5}"
EndProject
Global
	GlobalSection(SolutionConfigurationPlatforms) = preSolution
		Debug|Any CPU = Debug|Any CPU
		Release|Any CPU = Release|Any CPU
	EndGlobalSection
	GlobalSection(ProjectConfigurationPlatforms) = postSolution
		{731D63E0-D750-40CA-B33E-1BBD6DA93CF4}.Debug|Any CPU.ActiveCfg = Debug|Any CPU
		{731D63E0-D750-40CA-B33E-1BBD6DA93CF4}.Debug|Any CPU.Build.0 = Debug|Any CPU
		{731D63E0-D750-40CA-B33E-1BBD6DA93CF4}.Release|Any CPU.ActiveCfg = Release|Any CPU
		{731D63E0-D750-40CA-B33E-1BBD6DA93CF4}.Release|Any CPU.Build.0 = Release|Any CPU
		{AF9DBE6F-985E-43B5-85C6-A7C52E1BD601}.Debug|Any CPU.ActiveCfg = Debug|Any CPU
		{AF9DBE6F-985E-43B5-85C6-A7C52E1BD601}.Debug|Any CPU.Build.0 = Debug|Any CPU
		{AF9DBE6F-985E-43B5-85C6-A7C52E1BD601}.Release|Any CPU.ActiveCfg = Release|Any CPU
		{AF9DBE6F-985E-43B5-85C6-A7C52E1BD601}.Release|Any CPU.Build.0 = Release|Any CPU
		{80D3B1CD-E656-4243-BCC8-AB6EB694F7C1}.Debug|Any CPU.ActiveCfg = Debug|Any CPU
		{80D3B1CD-E656-4243-BCC8-AB6EB694F7C1}.Debug|Any CPU.Build.0 = Debug|Any CPU
		{80D3B1CD-E656-4243-BCC8-AB6EB694F7C1}.Release|Any CPU.ActiveCfg = Release|Any CPU
		{80D3B1CD-E656-4243-BCC8-AB6EB694F7C1}.Release|Any CPU.Build.0 = Release|Any CPU
		{E356647A-561E-4290-AD71-EF5DC92BF5C7}.Debug|Any CPU.ActiveCfg = Debug|Any CPU
		{E356647A-561E-4290-AD71-EF5DC92BF5C7}.Debug|Any CPU.Build.0 = Debug|Any CPU
		{E356647A-561E-4290-AD71-EF5DC92BF5C7}.Release|Any CPU.ActiveCfg = Release|Any CPU
		{E356647A-561E-4290-AD71-EF5DC92BF5C7}.Release|Any CPU.Build.0 = Release|Any CPU
		{760BE08A-D943-4A71-944E-938590527153}.Debug|Any CPU.ActiveCfg = Debug|Any CPU
		{760BE08A-D943-4A71-944E-938590527153}.Debug|Any CPU.Build.0 = Debug|Any CPU
		{760BE08A-D943-4A71-944E-938590527153}.Release|Any CPU.ActiveCfg = Release|Any CPU
		{760BE08A-D943-4A71-944E-938590527153}.Release|Any CPU.Build.0 = Release|Any CPU
		{EBA75163-804C-4C58-8E5E-6764C1155BE5}.Debug|Any CPU.ActiveCfg = Debug|Any CPU
		{EBA75163-804C-4C58-8E5E-6764C1155BE5}.Debug|Any CPU.Build.0 = Debug|Any CPU
		{EBA75163-804C-4C58-8E5E-6764C1155BE5}.Release|Any CPU.ActiveCfg = Release|Any CPU
		{EBA75163-804C-4C58-8E5E-6764C1155BE5}.Release|Any CPU.Build.0 = Release|Any CPU
		{96037181-43D1-4AE5-A9E8-0660D4CC4C82}.Debug|Any CPU.ActiveCfg = Debug|Any CPU
		{96037181-43D1-4AE5-A9E8-0660D4CC4C82}.Debug|Any CPU.Build.0 = Debug|Any CPU
		{96037181-43D1-4AE5-A9E8-0660D4CC4C82}.Release|Any CPU.ActiveCfg = Release|Any CPU
		{96037181-43D1-4AE5-A9E8-0660D4CC4C82}.Release|Any CPU.Build.0 = Release|Any CPU
		{2825362B-D2B2-48FB-80CD-2D20F4F29F0F}.Debug|Any CPU.ActiveCfg = Debug|Any CPU
		{2825362B-D2B2-48FB-80CD-2D20F4F29F0F}.Debug|Any CPU.Build.0 = Debug|Any CPU
		{2825362B-D2B2-48FB-80CD-2D20F4F29F0F}.Release|Any CPU.ActiveCfg = Release|Any CPU
		{2825362B-D2B2-48FB-80CD-2D20F4F29F0F}.Release|Any CPU.Build.0 = Release|Any CPU
		{AB9BB393-1874-4421-A78A-55D9977A6173}.Debug|Any CPU.ActiveCfg = Debug|Any CPU
		{AB9BB393-1874-4421-A78A-55D9977A6173}.Debug|Any CPU.Build.0 = Debug|Any CPU
		{AB9BB393-1874-4421-A78A-55D9977A6173}.Release|Any CPU.ActiveCfg = Release|Any CPU
		{AB9BB393-1874-4421-A78A-55D9977A6173}.Release|Any CPU.Build.0 = Release|Any CPU
		{5DA0C909-A90C-4D12-B450-137A8555C0E2}.Debug|Any CPU.ActiveCfg = Debug|Any CPU
		{5DA0C909-A90C-4D12-B450-137A8555C0E2}.Debug|Any CPU.Build.0 = Debug|Any CPU
		{5DA0C909-A90C-4D12-B450-137A8555C0E2}.Release|Any CPU.ActiveCfg = Release|Any CPU
		{5DA0C909-A90C-4D12-B450-137A8555C0E2}.Release|Any CPU.Build.0 = Release|Any CPU
		{52D64E51-E1D5-45F6-8C2A-E436C0A03ED3}.Debug|Any CPU.ActiveCfg = Debug|Any CPU
		{52D64E51-E1D5-45F6-8C2A-E436C0A03ED3}.Debug|Any CPU.Build.0 = Debug|Any CPU
		{52D64E51-E1D5-45F6-8C2A-E436C0A03ED3}.Release|Any CPU.ActiveCfg = Release|Any CPU
		{52D64E51-E1D5-45F6-8C2A-E436C0A03ED3}.Release|Any CPU.Build.0 = Release|Any CPU
		{46CC4BE2-93BE-4807-9B1A-7A10DFEA29AF}.Debug|Any CPU.ActiveCfg = Debug|Any CPU
		{46CC4BE2-93BE-4807-9B1A-7A10DFEA29AF}.Debug|Any CPU.Build.0 = Debug|Any CPU
		{46CC4BE2-93BE-4807-9B1A-7A10DFEA29AF}.Release|Any CPU.ActiveCfg = Release|Any CPU
		{46CC4BE2-93BE-4807-9B1A-7A10DFEA29AF}.Release|Any CPU.Build.0 = Release|Any CPU
		{C2552609-5E29-4187-8D6A-E2F5D82BFF35}.Debug|Any CPU.ActiveCfg = Debug|Any CPU
		{C2552609-5E29-4187-8D6A-E2F5D82BFF35}.Debug|Any CPU.Build.0 = Debug|Any CPU
		{C2552609-5E29-4187-8D6A-E2F5D82BFF35}.Release|Any CPU.ActiveCfg = Release|Any CPU
		{C2552609-5E29-4187-8D6A-E2F5D82BFF35}.Release|Any CPU.Build.0 = Release|Any CPU
		{B2A45BA3-C914-429E-BCC4-DF1199E6D072}.Debug|Any CPU.ActiveCfg = Debug|Any CPU
		{B2A45BA3-C914-429E-BCC4-DF1199E6D072}.Debug|Any CPU.Build.0 = Debug|Any CPU
		{B2A45BA3-C914-429E-BCC4-DF1199E6D072}.Release|Any CPU.ActiveCfg = Release|Any CPU
		{B2A45BA3-C914-429E-BCC4-DF1199E6D072}.Release|Any CPU.Build.0 = Release|Any CPU
		{EE0B4C0C-7368-4316-8C95-410C91B3E683}.Debug|Any CPU.ActiveCfg = Debug|Any CPU
		{EE0B4C0C-7368-4316-8C95-410C91B3E683}.Debug|Any CPU.Build.0 = Debug|Any CPU
		{EE0B4C0C-7368-4316-8C95-410C91B3E683}.Release|Any CPU.ActiveCfg = Release|Any CPU
		{EE0B4C0C-7368-4316-8C95-410C91B3E683}.Release|Any CPU.Build.0 = Release|Any CPU
		{DD89FF59-69D6-443D-BA52-669A41F62ADC}.Debug|Any CPU.ActiveCfg = Debug|Any CPU
		{DD89FF59-69D6-443D-BA52-669A41F62ADC}.Debug|Any CPU.Build.0 = Debug|Any CPU
		{DD89FF59-69D6-443D-BA52-669A41F62ADC}.Release|Any CPU.ActiveCfg = Release|Any CPU
		{DD89FF59-69D6-443D-BA52-669A41F62ADC}.Release|Any CPU.Build.0 = Release|Any CPU
		{105B2938-9764-4341-9C70-D8EAF182D516}.Debug|Any CPU.ActiveCfg = Debug|Any CPU
		{105B2938-9764-4341-9C70-D8EAF182D516}.Debug|Any CPU.Build.0 = Debug|Any CPU
		{105B2938-9764-4341-9C70-D8EAF182D516}.Release|Any CPU.ActiveCfg = Release|Any CPU
		{105B2938-9764-4341-9C70-D8EAF182D516}.Release|Any CPU.Build.0 = Release|Any CPU
		{DEED3428-0247-4BB9-ABA1-D48A8EB02BB4}.Debug|Any CPU.ActiveCfg = Debug|Any CPU
		{DEED3428-0247-4BB9-ABA1-D48A8EB02BB4}.Debug|Any CPU.Build.0 = Debug|Any CPU
		{DEED3428-0247-4BB9-ABA1-D48A8EB02BB4}.Release|Any CPU.ActiveCfg = Release|Any CPU
		{DEED3428-0247-4BB9-ABA1-D48A8EB02BB4}.Release|Any CPU.Build.0 = Release|Any CPU
		{4A92DD22-5C34-4F30-9CB3-1FEB4E452CC2}.Debug|Any CPU.ActiveCfg = Debug|Any CPU
		{4A92DD22-5C34-4F30-9CB3-1FEB4E452CC2}.Debug|Any CPU.Build.0 = Debug|Any CPU
		{4A92DD22-5C34-4F30-9CB3-1FEB4E452CC2}.Release|Any CPU.ActiveCfg = Release|Any CPU
		{4A92DD22-5C34-4F30-9CB3-1FEB4E452CC2}.Release|Any CPU.Build.0 = Release|Any CPU
		{ED7A4C35-71B2-4ECA-9E18-98D62F9B83A7}.Debug|Any CPU.ActiveCfg = Debug|Any CPU
		{ED7A4C35-71B2-4ECA-9E18-98D62F9B83A7}.Debug|Any CPU.Build.0 = Debug|Any CPU
		{ED7A4C35-71B2-4ECA-9E18-98D62F9B83A7}.Release|Any CPU.ActiveCfg = Release|Any CPU
		{ED7A4C35-71B2-4ECA-9E18-98D62F9B83A7}.Release|Any CPU.Build.0 = Release|Any CPU
		{ADBAC768-C2F7-43BD-AA76-FC004BC054D8}.Debug|Any CPU.ActiveCfg = Debug|Any CPU
		{ADBAC768-C2F7-43BD-AA76-FC004BC054D8}.Debug|Any CPU.Build.0 = Debug|Any CPU
		{ADBAC768-C2F7-43BD-AA76-FC004BC054D8}.Release|Any CPU.ActiveCfg = Release|Any CPU
		{ADBAC768-C2F7-43BD-AA76-FC004BC054D8}.Release|Any CPU.Build.0 = Release|Any CPU
		{254E5ABE-9DBB-4951-BA91-50A2AA8909B5}.Debug|Any CPU.ActiveCfg = Debug|Any CPU
		{254E5ABE-9DBB-4951-BA91-50A2AA8909B5}.Debug|Any CPU.Build.0 = Debug|Any CPU
		{254E5ABE-9DBB-4951-BA91-50A2AA8909B5}.Release|Any CPU.ActiveCfg = Release|Any CPU
		{254E5ABE-9DBB-4951-BA91-50A2AA8909B5}.Release|Any CPU.Build.0 = Release|Any CPU
	EndGlobalSection
	GlobalSection(SolutionProperties) = preSolution
		HideSolutionNode = FALSE
	EndGlobalSection
	GlobalSection(NestedProjects) = preSolution
		{5DA0C909-A90C-4D12-B450-137A8555C0E2} = {FAE42EE3-3882-4F70-994D-04A2D5EB07A7}
		{5FDD57E7-9D56-4BA7-9C2F-C2E9B78A2143} = {035FC0F5-C50D-431E-8FE7-84DDD0AFECCB}
		{46CC4BE2-93BE-4807-9B1A-7A10DFEA29AF} = {FAE42EE3-3882-4F70-994D-04A2D5EB07A7}
		{C2552609-5E29-4187-8D6A-E2F5D82BFF35} = {FAE42EE3-3882-4F70-994D-04A2D5EB07A7}
		{B2A45BA3-C914-429E-BCC4-DF1199E6D072} = {5FDD57E7-9D56-4BA7-9C2F-C2E9B78A2143}
		{EE0B4C0C-7368-4316-8C95-410C91B3E683} = {5FDD57E7-9D56-4BA7-9C2F-C2E9B78A2143}
		{DD89FF59-69D6-443D-BA52-669A41F62ADC} = {5FDD57E7-9D56-4BA7-9C2F-C2E9B78A2143}
		{105B2938-9764-4341-9C70-D8EAF182D516} = {5FDD57E7-9D56-4BA7-9C2F-C2E9B78A2143}
		{DEED3428-0247-4BB9-ABA1-D48A8EB02BB4} = {5FDD57E7-9D56-4BA7-9C2F-C2E9B78A2143}
		{4A92DD22-5C34-4F30-9CB3-1FEB4E452CC2} = {5FDD57E7-9D56-4BA7-9C2F-C2E9B78A2143}
		{ED7A4C35-71B2-4ECA-9E18-98D62F9B83A7} = {5FDD57E7-9D56-4BA7-9C2F-C2E9B78A2143}
		{ADBAC768-C2F7-43BD-AA76-FC004BC054D8} = {FAE42EE3-3882-4F70-994D-04A2D5EB07A7}
	EndGlobalSection
EndGlobal
