
Microsoft Visual Studio Solution File, Format Version 12.00
# Visual Studio 14
VisualStudioVersion = 14.0.25123.0
MinimumVisualStudioVersion = 10.0.40219.1
Project("{FAE04EC0-301F-11D3-BF4B-00C04F79EFBC}") = "GridDomain.CQRS.Messaging", "GridDomain.CQRS.Messaging\GridDomain.CQRS.Messaging.csproj", "{731D63E0-D750-40CA-B33E-1BBD6DA93CF4}"
EndProject
Project("{FAE04EC0-301F-11D3-BF4B-00C04F79EFBC}") = "GridDomain.EventSourcing", "GridDomain.EventSourcing\GridDomain.EventSourcing.csproj", "{AF9DBE6F-985E-43B5-85C6-A7C52E1BD601}"
EndProject
Project("{FAE04EC0-301F-11D3-BF4B-00C04F79EFBC}") = "GridDomain.CQRS", "GridDomain.CQRS\GridDomain.CQRS.csproj", "{80D3B1CD-E656-4243-BCC8-AB6EB694F7C1}"
EndProject
Project("{FAE04EC0-301F-11D3-BF4B-00C04F79EFBC}") = "GridDomain.Logging", "GridDomain.Logging\GridDomain.Logging.csproj", "{E356647A-561E-4290-AD71-EF5DC92BF5C7}"
EndProject
Project("{FAE04EC0-301F-11D3-BF4B-00C04F79EFBC}") = "GridDomain.Node", "GridDomain.Node\GridDomain.Node.csproj", "{760BE08A-D943-4A71-944E-938590527153}"
EndProject
Project("{FAE04EC0-301F-11D3-BF4B-00C04F79EFBC}") = "GridDomain.Tests.Acceptance", "GridDomain.Tests.Acceptance\GridDomain.Tests.Acceptance.csproj", "{B008531E-4879-4547-A5E1-B30AD176A669}"
EndProject
Project("{FAE04EC0-301F-11D3-BF4B-00C04F79EFBC}") = "GridDomain.CQRS.ReadModel", "GridDomain.CQRS.ReadModel\GridDomain.CQRS.ReadModel.csproj", "{C5ACC8B4-289D-4654-8976-AC7CDB8D4C5E}"
EndProject
Project("{FAE04EC0-301F-11D3-BF4B-00C04F79EFBC}") = "GridDomain.EventSourcing.Sagas", "GridDomain.EventSourcing.Sagas\GridDomain.EventSourcing.Sagas.csproj", "{EBA75163-804C-4C58-8E5E-6764C1155BE5}"
EndProject
Project("{FAE04EC0-301F-11D3-BF4B-00C04F79EFBC}") = "GridDomain.Scheduling", "GridDomain.Scheduling\GridDomain.Scheduling.csproj", "{96037181-43D1-4AE5-A9E8-0660D4CC4C82}"
EndProject
Project("{FAE04EC0-301F-11D3-BF4B-00C04F79EFBC}") = "GridDomain.CQRS.Messaging.Akka", "GridDomain.CQRS.Messaging.Akka\GridDomain.CQRS.Messaging.Akka.csproj", "{2825362B-D2B2-48FB-80CD-2D20F4F29F0F}"
EndProject
Project("{FAE04EC0-301F-11D3-BF4B-00C04F79EFBC}") = "GridDomain.Tests.Framework", "GridDomain.Tests.Framework\GridDomain.Tests.Framework.csproj", "{ADBAC768-C2F7-43BD-AA76-FC004BC054D8}"
EndProject
Project("{FAE04EC0-301F-11D3-BF4B-00C04F79EFBC}") = "GridDomain.Common", "GridDomain.Common\GridDomain.Common.csproj", "{AB9BB393-1874-4421-A78A-55D9977A6173}"
EndProject
Project("{FAE04EC0-301F-11D3-BF4B-00C04F79EFBC}") = "GridGomain.Tests.Stress", "GridGomain.Tests.Stress\GridGomain.Tests.Stress.csproj", "{5DA0C909-A90C-4D12-B450-137A8555C0E2}"
EndProject
Project("{FAE04EC0-301F-11D3-BF4B-00C04F79EFBC}") = "GridDomain.Tools", "GridDomain.Tools\GridDomain.Tools.csproj", "{52D64E51-E1D5-45F6-8C2A-E436C0A03ED3}"
EndProject
Project("{FF286327-C783-4F7A-AB73-9BCBAD0D4460}") = "NuGet.Aggregates", "GridDomain.NuGet\NuGet.Aggregates\NuGet.Aggregates.nuproj", "{14CB35C3-9D50-41AE-9FBB-F03887B31607}"
EndProject
Project("{FF286327-C783-4F7A-AB73-9BCBAD0D4460}") = "NuGet.Common", "GridDomain.NuGet\NuGet.Common\NuGet.Common.nuproj", "{0F56B1F9-CC41-4176-9AC4-102008EE55BF}"
EndProject
Project("{FF286327-C783-4F7A-AB73-9BCBAD0D4460}") = "NuGet.Node", "GridDomain.NuGet\NuGet.Node\NuGet.Node.nuproj", "{A81EB120-3CF7-4D02-A132-1D21D3BFDFD0}"
EndProject
Project("{FF286327-C783-4F7A-AB73-9BCBAD0D4460}") = "NuGet.Read", "GridDomain.NuGet\NuGet.Read\NuGet.Read.nuproj", "{67A64C69-7868-4A48-A143-C8C05CECD069}"
EndProject
Project("{FF286327-C783-4F7A-AB73-9BCBAD0D4460}") = "NuGet.Tests", "GridDomain.NuGet\NuGet.Tests\NuGet.Tests.nuproj", "{05F08704-A000-4B3A-A1BA-8F52C98FA64C}"
EndProject
Project("{FF286327-C783-4F7A-AB73-9BCBAD0D4460}") = "NuGet.Tools", "GridDomain.NuGet\NuGet.Tools\NuGet.Tools.nuproj", "{A1D32978-7D9F-4EB0-A5C6-4702D0E52807}"
EndProject
Project("{2150E333-8FDC-42A3-9474-1A3956D46DE8}") = "Tests", "Tests", "{79CB37C0-E344-4E7F-B012-F63394A377B7}"
EndProject
Project("{FAE04EC0-301F-11D3-BF4B-00C04F79EFBC}") = "GridDomain.Tests.Unit", "GridDomain.Tests.Unit\GridDomain.Tests.Unit.csproj", "{E6496D95-7FF7-4783-BD06-6D15B67600FA}"
EndProject
Global
	GlobalSection(SolutionConfigurationPlatforms) = preSolution
		AutoTesting|Any CPU = AutoTesting|Any CPU
		Debug|Any CPU = Debug|Any CPU
		Dev|Any CPU = Dev|Any CPU
		Production|Any CPU = Production|Any CPU
		Release|Any CPU = Release|Any CPU
		Sandbox|Any CPU = Sandbox|Any CPU
		Staging|Any CPU = Staging|Any CPU
		StagingDebug|Any CPU = StagingDebug|Any CPU
	EndGlobalSection
	GlobalSection(ProjectConfigurationPlatforms) = postSolution
		{731D63E0-D750-40CA-B33E-1BBD6DA93CF4}.AutoTesting|Any CPU.ActiveCfg = Release|Any CPU
		{731D63E0-D750-40CA-B33E-1BBD6DA93CF4}.AutoTesting|Any CPU.Build.0 = Release|Any CPU
		{731D63E0-D750-40CA-B33E-1BBD6DA93CF4}.Debug|Any CPU.ActiveCfg = Debug|Any CPU
		{731D63E0-D750-40CA-B33E-1BBD6DA93CF4}.Debug|Any CPU.Build.0 = Debug|Any CPU
		{731D63E0-D750-40CA-B33E-1BBD6DA93CF4}.Dev|Any CPU.ActiveCfg = Debug|Any CPU
		{731D63E0-D750-40CA-B33E-1BBD6DA93CF4}.Dev|Any CPU.Build.0 = Debug|Any CPU
		{731D63E0-D750-40CA-B33E-1BBD6DA93CF4}.Production|Any CPU.ActiveCfg = Release|Any CPU
		{731D63E0-D750-40CA-B33E-1BBD6DA93CF4}.Production|Any CPU.Build.0 = Release|Any CPU
		{731D63E0-D750-40CA-B33E-1BBD6DA93CF4}.Release|Any CPU.ActiveCfg = Release|Any CPU
		{731D63E0-D750-40CA-B33E-1BBD6DA93CF4}.Release|Any CPU.Build.0 = Release|Any CPU
		{731D63E0-D750-40CA-B33E-1BBD6DA93CF4}.Sandbox|Any CPU.ActiveCfg = Release|Any CPU
		{731D63E0-D750-40CA-B33E-1BBD6DA93CF4}.Sandbox|Any CPU.Build.0 = Release|Any CPU
		{731D63E0-D750-40CA-B33E-1BBD6DA93CF4}.Staging|Any CPU.ActiveCfg = Release|Any CPU
		{731D63E0-D750-40CA-B33E-1BBD6DA93CF4}.Staging|Any CPU.Build.0 = Release|Any CPU
		{731D63E0-D750-40CA-B33E-1BBD6DA93CF4}.StagingDebug|Any CPU.ActiveCfg = Debug|Any CPU
		{731D63E0-D750-40CA-B33E-1BBD6DA93CF4}.StagingDebug|Any CPU.Build.0 = Debug|Any CPU
		{AF9DBE6F-985E-43B5-85C6-A7C52E1BD601}.AutoTesting|Any CPU.ActiveCfg = Release|Any CPU
		{AF9DBE6F-985E-43B5-85C6-A7C52E1BD601}.AutoTesting|Any CPU.Build.0 = Release|Any CPU
		{AF9DBE6F-985E-43B5-85C6-A7C52E1BD601}.Debug|Any CPU.ActiveCfg = Debug|Any CPU
		{AF9DBE6F-985E-43B5-85C6-A7C52E1BD601}.Debug|Any CPU.Build.0 = Debug|Any CPU
		{AF9DBE6F-985E-43B5-85C6-A7C52E1BD601}.Dev|Any CPU.ActiveCfg = Debug|Any CPU
		{AF9DBE6F-985E-43B5-85C6-A7C52E1BD601}.Dev|Any CPU.Build.0 = Debug|Any CPU
		{AF9DBE6F-985E-43B5-85C6-A7C52E1BD601}.Production|Any CPU.ActiveCfg = Release|Any CPU
		{AF9DBE6F-985E-43B5-85C6-A7C52E1BD601}.Production|Any CPU.Build.0 = Release|Any CPU
		{AF9DBE6F-985E-43B5-85C6-A7C52E1BD601}.Release|Any CPU.ActiveCfg = Release|Any CPU
		{AF9DBE6F-985E-43B5-85C6-A7C52E1BD601}.Release|Any CPU.Build.0 = Release|Any CPU
		{AF9DBE6F-985E-43B5-85C6-A7C52E1BD601}.Sandbox|Any CPU.ActiveCfg = Release|Any CPU
		{AF9DBE6F-985E-43B5-85C6-A7C52E1BD601}.Sandbox|Any CPU.Build.0 = Release|Any CPU
		{AF9DBE6F-985E-43B5-85C6-A7C52E1BD601}.Staging|Any CPU.ActiveCfg = Release|Any CPU
		{AF9DBE6F-985E-43B5-85C6-A7C52E1BD601}.Staging|Any CPU.Build.0 = Release|Any CPU
		{AF9DBE6F-985E-43B5-85C6-A7C52E1BD601}.StagingDebug|Any CPU.ActiveCfg = Debug|Any CPU
		{AF9DBE6F-985E-43B5-85C6-A7C52E1BD601}.StagingDebug|Any CPU.Build.0 = Debug|Any CPU
		{80D3B1CD-E656-4243-BCC8-AB6EB694F7C1}.AutoTesting|Any CPU.ActiveCfg = Release|Any CPU
		{80D3B1CD-E656-4243-BCC8-AB6EB694F7C1}.AutoTesting|Any CPU.Build.0 = Release|Any CPU
		{80D3B1CD-E656-4243-BCC8-AB6EB694F7C1}.Debug|Any CPU.ActiveCfg = Debug|Any CPU
		{80D3B1CD-E656-4243-BCC8-AB6EB694F7C1}.Debug|Any CPU.Build.0 = Debug|Any CPU
		{80D3B1CD-E656-4243-BCC8-AB6EB694F7C1}.Dev|Any CPU.ActiveCfg = Debug|Any CPU
		{80D3B1CD-E656-4243-BCC8-AB6EB694F7C1}.Dev|Any CPU.Build.0 = Debug|Any CPU
		{80D3B1CD-E656-4243-BCC8-AB6EB694F7C1}.Production|Any CPU.ActiveCfg = Release|Any CPU
		{80D3B1CD-E656-4243-BCC8-AB6EB694F7C1}.Production|Any CPU.Build.0 = Release|Any CPU
		{80D3B1CD-E656-4243-BCC8-AB6EB694F7C1}.Release|Any CPU.ActiveCfg = Release|Any CPU
		{80D3B1CD-E656-4243-BCC8-AB6EB694F7C1}.Release|Any CPU.Build.0 = Release|Any CPU
		{80D3B1CD-E656-4243-BCC8-AB6EB694F7C1}.Sandbox|Any CPU.ActiveCfg = Release|Any CPU
		{80D3B1CD-E656-4243-BCC8-AB6EB694F7C1}.Sandbox|Any CPU.Build.0 = Release|Any CPU
		{80D3B1CD-E656-4243-BCC8-AB6EB694F7C1}.Staging|Any CPU.ActiveCfg = Release|Any CPU
		{80D3B1CD-E656-4243-BCC8-AB6EB694F7C1}.Staging|Any CPU.Build.0 = Release|Any CPU
		{80D3B1CD-E656-4243-BCC8-AB6EB694F7C1}.StagingDebug|Any CPU.ActiveCfg = Debug|Any CPU
		{80D3B1CD-E656-4243-BCC8-AB6EB694F7C1}.StagingDebug|Any CPU.Build.0 = Debug|Any CPU
		{E356647A-561E-4290-AD71-EF5DC92BF5C7}.AutoTesting|Any CPU.ActiveCfg = Release|Any CPU
		{E356647A-561E-4290-AD71-EF5DC92BF5C7}.AutoTesting|Any CPU.Build.0 = Release|Any CPU
		{E356647A-561E-4290-AD71-EF5DC92BF5C7}.Debug|Any CPU.ActiveCfg = Debug|Any CPU
		{E356647A-561E-4290-AD71-EF5DC92BF5C7}.Debug|Any CPU.Build.0 = Debug|Any CPU
		{E356647A-561E-4290-AD71-EF5DC92BF5C7}.Dev|Any CPU.ActiveCfg = Debug|Any CPU
		{E356647A-561E-4290-AD71-EF5DC92BF5C7}.Dev|Any CPU.Build.0 = Debug|Any CPU
		{E356647A-561E-4290-AD71-EF5DC92BF5C7}.Production|Any CPU.ActiveCfg = Release|Any CPU
		{E356647A-561E-4290-AD71-EF5DC92BF5C7}.Production|Any CPU.Build.0 = Release|Any CPU
		{E356647A-561E-4290-AD71-EF5DC92BF5C7}.Release|Any CPU.ActiveCfg = Release|Any CPU
		{E356647A-561E-4290-AD71-EF5DC92BF5C7}.Release|Any CPU.Build.0 = Release|Any CPU
		{E356647A-561E-4290-AD71-EF5DC92BF5C7}.Sandbox|Any CPU.ActiveCfg = Release|Any CPU
		{E356647A-561E-4290-AD71-EF5DC92BF5C7}.Sandbox|Any CPU.Build.0 = Release|Any CPU
		{E356647A-561E-4290-AD71-EF5DC92BF5C7}.Staging|Any CPU.ActiveCfg = Release|Any CPU
		{E356647A-561E-4290-AD71-EF5DC92BF5C7}.Staging|Any CPU.Build.0 = Release|Any CPU
		{E356647A-561E-4290-AD71-EF5DC92BF5C7}.StagingDebug|Any CPU.ActiveCfg = Debug|Any CPU
		{E356647A-561E-4290-AD71-EF5DC92BF5C7}.StagingDebug|Any CPU.Build.0 = Debug|Any CPU
		{760BE08A-D943-4A71-944E-938590527153}.AutoTesting|Any CPU.ActiveCfg = Release|Any CPU
		{760BE08A-D943-4A71-944E-938590527153}.AutoTesting|Any CPU.Build.0 = Release|Any CPU
		{760BE08A-D943-4A71-944E-938590527153}.Debug|Any CPU.ActiveCfg = Debug|Any CPU
		{760BE08A-D943-4A71-944E-938590527153}.Debug|Any CPU.Build.0 = Debug|Any CPU
		{760BE08A-D943-4A71-944E-938590527153}.Dev|Any CPU.ActiveCfg = Debug|Any CPU
		{760BE08A-D943-4A71-944E-938590527153}.Dev|Any CPU.Build.0 = Debug|Any CPU
		{760BE08A-D943-4A71-944E-938590527153}.Production|Any CPU.ActiveCfg = Release|Any CPU
		{760BE08A-D943-4A71-944E-938590527153}.Production|Any CPU.Build.0 = Release|Any CPU
		{760BE08A-D943-4A71-944E-938590527153}.Release|Any CPU.ActiveCfg = Release|Any CPU
		{760BE08A-D943-4A71-944E-938590527153}.Release|Any CPU.Build.0 = Release|Any CPU
		{760BE08A-D943-4A71-944E-938590527153}.Sandbox|Any CPU.ActiveCfg = Release|Any CPU
		{760BE08A-D943-4A71-944E-938590527153}.Sandbox|Any CPU.Build.0 = Release|Any CPU
		{760BE08A-D943-4A71-944E-938590527153}.Staging|Any CPU.ActiveCfg = Release|Any CPU
		{760BE08A-D943-4A71-944E-938590527153}.Staging|Any CPU.Build.0 = Release|Any CPU
		{760BE08A-D943-4A71-944E-938590527153}.StagingDebug|Any CPU.ActiveCfg = Debug|Any CPU
		{760BE08A-D943-4A71-944E-938590527153}.StagingDebug|Any CPU.Build.0 = Debug|Any CPU
		{B008531E-4879-4547-A5E1-B30AD176A669}.AutoTesting|Any CPU.ActiveCfg = Release|Any CPU
		{B008531E-4879-4547-A5E1-B30AD176A669}.AutoTesting|Any CPU.Build.0 = Release|Any CPU
		{B008531E-4879-4547-A5E1-B30AD176A669}.Debug|Any CPU.ActiveCfg = Debug|Any CPU
		{B008531E-4879-4547-A5E1-B30AD176A669}.Debug|Any CPU.Build.0 = Debug|Any CPU
		{B008531E-4879-4547-A5E1-B30AD176A669}.Dev|Any CPU.ActiveCfg = Debug|Any CPU
		{B008531E-4879-4547-A5E1-B30AD176A669}.Dev|Any CPU.Build.0 = Debug|Any CPU
		{B008531E-4879-4547-A5E1-B30AD176A669}.Production|Any CPU.ActiveCfg = Release|Any CPU
		{B008531E-4879-4547-A5E1-B30AD176A669}.Production|Any CPU.Build.0 = Release|Any CPU
		{B008531E-4879-4547-A5E1-B30AD176A669}.Release|Any CPU.ActiveCfg = Release|Any CPU
		{B008531E-4879-4547-A5E1-B30AD176A669}.Release|Any CPU.Build.0 = Release|Any CPU
		{B008531E-4879-4547-A5E1-B30AD176A669}.Sandbox|Any CPU.ActiveCfg = Release|Any CPU
		{B008531E-4879-4547-A5E1-B30AD176A669}.Sandbox|Any CPU.Build.0 = Release|Any CPU
		{B008531E-4879-4547-A5E1-B30AD176A669}.Staging|Any CPU.ActiveCfg = Release|Any CPU
		{B008531E-4879-4547-A5E1-B30AD176A669}.Staging|Any CPU.Build.0 = Release|Any CPU
		{B008531E-4879-4547-A5E1-B30AD176A669}.StagingDebug|Any CPU.ActiveCfg = Debug|Any CPU
		{B008531E-4879-4547-A5E1-B30AD176A669}.StagingDebug|Any CPU.Build.0 = Debug|Any CPU
		{C5ACC8B4-289D-4654-8976-AC7CDB8D4C5E}.AutoTesting|Any CPU.ActiveCfg = Release|Any CPU
		{C5ACC8B4-289D-4654-8976-AC7CDB8D4C5E}.AutoTesting|Any CPU.Build.0 = Release|Any CPU
		{C5ACC8B4-289D-4654-8976-AC7CDB8D4C5E}.Debug|Any CPU.ActiveCfg = Debug|Any CPU
		{C5ACC8B4-289D-4654-8976-AC7CDB8D4C5E}.Debug|Any CPU.Build.0 = Debug|Any CPU
		{C5ACC8B4-289D-4654-8976-AC7CDB8D4C5E}.Dev|Any CPU.ActiveCfg = Debug|Any CPU
		{C5ACC8B4-289D-4654-8976-AC7CDB8D4C5E}.Dev|Any CPU.Build.0 = Debug|Any CPU
		{C5ACC8B4-289D-4654-8976-AC7CDB8D4C5E}.Production|Any CPU.ActiveCfg = Release|Any CPU
		{C5ACC8B4-289D-4654-8976-AC7CDB8D4C5E}.Production|Any CPU.Build.0 = Release|Any CPU
		{C5ACC8B4-289D-4654-8976-AC7CDB8D4C5E}.Release|Any CPU.ActiveCfg = Release|Any CPU
		{C5ACC8B4-289D-4654-8976-AC7CDB8D4C5E}.Release|Any CPU.Build.0 = Release|Any CPU
		{C5ACC8B4-289D-4654-8976-AC7CDB8D4C5E}.Sandbox|Any CPU.ActiveCfg = Release|Any CPU
		{C5ACC8B4-289D-4654-8976-AC7CDB8D4C5E}.Sandbox|Any CPU.Build.0 = Release|Any CPU
		{C5ACC8B4-289D-4654-8976-AC7CDB8D4C5E}.Staging|Any CPU.ActiveCfg = Release|Any CPU
		{C5ACC8B4-289D-4654-8976-AC7CDB8D4C5E}.Staging|Any CPU.Build.0 = Release|Any CPU
		{C5ACC8B4-289D-4654-8976-AC7CDB8D4C5E}.StagingDebug|Any CPU.ActiveCfg = Debug|Any CPU
		{C5ACC8B4-289D-4654-8976-AC7CDB8D4C5E}.StagingDebug|Any CPU.Build.0 = Debug|Any CPU
		{EBA75163-804C-4C58-8E5E-6764C1155BE5}.AutoTesting|Any CPU.ActiveCfg = Release|Any CPU
		{EBA75163-804C-4C58-8E5E-6764C1155BE5}.AutoTesting|Any CPU.Build.0 = Release|Any CPU
		{EBA75163-804C-4C58-8E5E-6764C1155BE5}.Debug|Any CPU.ActiveCfg = Debug|Any CPU
		{EBA75163-804C-4C58-8E5E-6764C1155BE5}.Debug|Any CPU.Build.0 = Debug|Any CPU
		{EBA75163-804C-4C58-8E5E-6764C1155BE5}.Dev|Any CPU.ActiveCfg = Debug|Any CPU
		{EBA75163-804C-4C58-8E5E-6764C1155BE5}.Dev|Any CPU.Build.0 = Debug|Any CPU
		{EBA75163-804C-4C58-8E5E-6764C1155BE5}.Production|Any CPU.ActiveCfg = Release|Any CPU
		{EBA75163-804C-4C58-8E5E-6764C1155BE5}.Production|Any CPU.Build.0 = Release|Any CPU
		{EBA75163-804C-4C58-8E5E-6764C1155BE5}.Release|Any CPU.ActiveCfg = Release|Any CPU
		{EBA75163-804C-4C58-8E5E-6764C1155BE5}.Release|Any CPU.Build.0 = Release|Any CPU
		{EBA75163-804C-4C58-8E5E-6764C1155BE5}.Sandbox|Any CPU.ActiveCfg = Release|Any CPU
		{EBA75163-804C-4C58-8E5E-6764C1155BE5}.Sandbox|Any CPU.Build.0 = Release|Any CPU
		{EBA75163-804C-4C58-8E5E-6764C1155BE5}.Staging|Any CPU.ActiveCfg = Release|Any CPU
		{EBA75163-804C-4C58-8E5E-6764C1155BE5}.Staging|Any CPU.Build.0 = Release|Any CPU
		{EBA75163-804C-4C58-8E5E-6764C1155BE5}.StagingDebug|Any CPU.ActiveCfg = Debug|Any CPU
		{EBA75163-804C-4C58-8E5E-6764C1155BE5}.StagingDebug|Any CPU.Build.0 = Debug|Any CPU
		{96037181-43D1-4AE5-A9E8-0660D4CC4C82}.AutoTesting|Any CPU.ActiveCfg = Release|Any CPU
		{96037181-43D1-4AE5-A9E8-0660D4CC4C82}.AutoTesting|Any CPU.Build.0 = Release|Any CPU
		{96037181-43D1-4AE5-A9E8-0660D4CC4C82}.Debug|Any CPU.ActiveCfg = Debug|Any CPU
		{96037181-43D1-4AE5-A9E8-0660D4CC4C82}.Debug|Any CPU.Build.0 = Debug|Any CPU
		{96037181-43D1-4AE5-A9E8-0660D4CC4C82}.Dev|Any CPU.ActiveCfg = Debug|Any CPU
		{96037181-43D1-4AE5-A9E8-0660D4CC4C82}.Dev|Any CPU.Build.0 = Debug|Any CPU
		{96037181-43D1-4AE5-A9E8-0660D4CC4C82}.Production|Any CPU.ActiveCfg = Release|Any CPU
		{96037181-43D1-4AE5-A9E8-0660D4CC4C82}.Production|Any CPU.Build.0 = Release|Any CPU
		{96037181-43D1-4AE5-A9E8-0660D4CC4C82}.Release|Any CPU.ActiveCfg = Release|Any CPU
		{96037181-43D1-4AE5-A9E8-0660D4CC4C82}.Release|Any CPU.Build.0 = Release|Any CPU
		{96037181-43D1-4AE5-A9E8-0660D4CC4C82}.Sandbox|Any CPU.ActiveCfg = Release|Any CPU
		{96037181-43D1-4AE5-A9E8-0660D4CC4C82}.Sandbox|Any CPU.Build.0 = Release|Any CPU
		{96037181-43D1-4AE5-A9E8-0660D4CC4C82}.Staging|Any CPU.ActiveCfg = Release|Any CPU
		{96037181-43D1-4AE5-A9E8-0660D4CC4C82}.Staging|Any CPU.Build.0 = Release|Any CPU
		{96037181-43D1-4AE5-A9E8-0660D4CC4C82}.StagingDebug|Any CPU.ActiveCfg = Debug|Any CPU
		{96037181-43D1-4AE5-A9E8-0660D4CC4C82}.StagingDebug|Any CPU.Build.0 = Debug|Any CPU
		{2825362B-D2B2-48FB-80CD-2D20F4F29F0F}.AutoTesting|Any CPU.ActiveCfg = Release|Any CPU
		{2825362B-D2B2-48FB-80CD-2D20F4F29F0F}.AutoTesting|Any CPU.Build.0 = Release|Any CPU
		{2825362B-D2B2-48FB-80CD-2D20F4F29F0F}.Debug|Any CPU.ActiveCfg = Debug|Any CPU
		{2825362B-D2B2-48FB-80CD-2D20F4F29F0F}.Debug|Any CPU.Build.0 = Debug|Any CPU
		{2825362B-D2B2-48FB-80CD-2D20F4F29F0F}.Dev|Any CPU.ActiveCfg = Debug|Any CPU
		{2825362B-D2B2-48FB-80CD-2D20F4F29F0F}.Dev|Any CPU.Build.0 = Debug|Any CPU
		{2825362B-D2B2-48FB-80CD-2D20F4F29F0F}.Production|Any CPU.ActiveCfg = Release|Any CPU
		{2825362B-D2B2-48FB-80CD-2D20F4F29F0F}.Production|Any CPU.Build.0 = Release|Any CPU
		{2825362B-D2B2-48FB-80CD-2D20F4F29F0F}.Release|Any CPU.ActiveCfg = Release|Any CPU
		{2825362B-D2B2-48FB-80CD-2D20F4F29F0F}.Release|Any CPU.Build.0 = Release|Any CPU
		{2825362B-D2B2-48FB-80CD-2D20F4F29F0F}.Sandbox|Any CPU.ActiveCfg = Release|Any CPU
		{2825362B-D2B2-48FB-80CD-2D20F4F29F0F}.Sandbox|Any CPU.Build.0 = Release|Any CPU
		{2825362B-D2B2-48FB-80CD-2D20F4F29F0F}.Staging|Any CPU.ActiveCfg = Release|Any CPU
		{2825362B-D2B2-48FB-80CD-2D20F4F29F0F}.Staging|Any CPU.Build.0 = Release|Any CPU
		{2825362B-D2B2-48FB-80CD-2D20F4F29F0F}.StagingDebug|Any CPU.ActiveCfg = Debug|Any CPU
		{2825362B-D2B2-48FB-80CD-2D20F4F29F0F}.StagingDebug|Any CPU.Build.0 = Debug|Any CPU
		{ADBAC768-C2F7-43BD-AA76-FC004BC054D8}.AutoTesting|Any CPU.ActiveCfg = Release|Any CPU
		{ADBAC768-C2F7-43BD-AA76-FC004BC054D8}.AutoTesting|Any CPU.Build.0 = Release|Any CPU
		{ADBAC768-C2F7-43BD-AA76-FC004BC054D8}.Debug|Any CPU.ActiveCfg = Debug|Any CPU
		{ADBAC768-C2F7-43BD-AA76-FC004BC054D8}.Debug|Any CPU.Build.0 = Debug|Any CPU
		{ADBAC768-C2F7-43BD-AA76-FC004BC054D8}.Dev|Any CPU.ActiveCfg = Debug|Any CPU
		{ADBAC768-C2F7-43BD-AA76-FC004BC054D8}.Dev|Any CPU.Build.0 = Debug|Any CPU
		{ADBAC768-C2F7-43BD-AA76-FC004BC054D8}.Production|Any CPU.ActiveCfg = Release|Any CPU
		{ADBAC768-C2F7-43BD-AA76-FC004BC054D8}.Production|Any CPU.Build.0 = Release|Any CPU
		{ADBAC768-C2F7-43BD-AA76-FC004BC054D8}.Release|Any CPU.ActiveCfg = Release|Any CPU
		{ADBAC768-C2F7-43BD-AA76-FC004BC054D8}.Release|Any CPU.Build.0 = Release|Any CPU
		{ADBAC768-C2F7-43BD-AA76-FC004BC054D8}.Sandbox|Any CPU.ActiveCfg = Release|Any CPU
		{ADBAC768-C2F7-43BD-AA76-FC004BC054D8}.Sandbox|Any CPU.Build.0 = Release|Any CPU
		{ADBAC768-C2F7-43BD-AA76-FC004BC054D8}.Staging|Any CPU.ActiveCfg = Release|Any CPU
		{ADBAC768-C2F7-43BD-AA76-FC004BC054D8}.Staging|Any CPU.Build.0 = Release|Any CPU
		{ADBAC768-C2F7-43BD-AA76-FC004BC054D8}.StagingDebug|Any CPU.ActiveCfg = Debug|Any CPU
		{ADBAC768-C2F7-43BD-AA76-FC004BC054D8}.StagingDebug|Any CPU.Build.0 = Debug|Any CPU
		{AB9BB393-1874-4421-A78A-55D9977A6173}.AutoTesting|Any CPU.ActiveCfg = Release|Any CPU
		{AB9BB393-1874-4421-A78A-55D9977A6173}.AutoTesting|Any CPU.Build.0 = Release|Any CPU
		{AB9BB393-1874-4421-A78A-55D9977A6173}.Debug|Any CPU.ActiveCfg = Debug|Any CPU
		{AB9BB393-1874-4421-A78A-55D9977A6173}.Debug|Any CPU.Build.0 = Debug|Any CPU
		{AB9BB393-1874-4421-A78A-55D9977A6173}.Dev|Any CPU.ActiveCfg = Debug|Any CPU
		{AB9BB393-1874-4421-A78A-55D9977A6173}.Dev|Any CPU.Build.0 = Debug|Any CPU
		{AB9BB393-1874-4421-A78A-55D9977A6173}.Production|Any CPU.ActiveCfg = Release|Any CPU
		{AB9BB393-1874-4421-A78A-55D9977A6173}.Production|Any CPU.Build.0 = Release|Any CPU
		{AB9BB393-1874-4421-A78A-55D9977A6173}.Release|Any CPU.ActiveCfg = Release|Any CPU
		{AB9BB393-1874-4421-A78A-55D9977A6173}.Release|Any CPU.Build.0 = Release|Any CPU
		{AB9BB393-1874-4421-A78A-55D9977A6173}.Sandbox|Any CPU.ActiveCfg = Release|Any CPU
		{AB9BB393-1874-4421-A78A-55D9977A6173}.Sandbox|Any CPU.Build.0 = Release|Any CPU
		{AB9BB393-1874-4421-A78A-55D9977A6173}.Staging|Any CPU.ActiveCfg = Release|Any CPU
		{AB9BB393-1874-4421-A78A-55D9977A6173}.Staging|Any CPU.Build.0 = Release|Any CPU
		{AB9BB393-1874-4421-A78A-55D9977A6173}.StagingDebug|Any CPU.ActiveCfg = Debug|Any CPU
		{AB9BB393-1874-4421-A78A-55D9977A6173}.StagingDebug|Any CPU.Build.0 = Debug|Any CPU
		{5DA0C909-A90C-4D12-B450-137A8555C0E2}.AutoTesting|Any CPU.ActiveCfg = Release|Any CPU
		{5DA0C909-A90C-4D12-B450-137A8555C0E2}.AutoTesting|Any CPU.Build.0 = Release|Any CPU
		{5DA0C909-A90C-4D12-B450-137A8555C0E2}.Debug|Any CPU.ActiveCfg = Debug|Any CPU
		{5DA0C909-A90C-4D12-B450-137A8555C0E2}.Debug|Any CPU.Build.0 = Debug|Any CPU
		{5DA0C909-A90C-4D12-B450-137A8555C0E2}.Dev|Any CPU.ActiveCfg = Debug|Any CPU
		{5DA0C909-A90C-4D12-B450-137A8555C0E2}.Dev|Any CPU.Build.0 = Debug|Any CPU
		{5DA0C909-A90C-4D12-B450-137A8555C0E2}.Production|Any CPU.ActiveCfg = Release|Any CPU
		{5DA0C909-A90C-4D12-B450-137A8555C0E2}.Production|Any CPU.Build.0 = Release|Any CPU
		{5DA0C909-A90C-4D12-B450-137A8555C0E2}.Release|Any CPU.ActiveCfg = Release|Any CPU
		{5DA0C909-A90C-4D12-B450-137A8555C0E2}.Release|Any CPU.Build.0 = Release|Any CPU
		{5DA0C909-A90C-4D12-B450-137A8555C0E2}.Sandbox|Any CPU.ActiveCfg = Release|Any CPU
		{5DA0C909-A90C-4D12-B450-137A8555C0E2}.Sandbox|Any CPU.Build.0 = Release|Any CPU
		{5DA0C909-A90C-4D12-B450-137A8555C0E2}.Staging|Any CPU.ActiveCfg = Release|Any CPU
		{5DA0C909-A90C-4D12-B450-137A8555C0E2}.Staging|Any CPU.Build.0 = Release|Any CPU
		{5DA0C909-A90C-4D12-B450-137A8555C0E2}.StagingDebug|Any CPU.ActiveCfg = Debug|Any CPU
		{5DA0C909-A90C-4D12-B450-137A8555C0E2}.StagingDebug|Any CPU.Build.0 = Debug|Any CPU
		{52D64E51-E1D5-45F6-8C2A-E436C0A03ED3}.AutoTesting|Any CPU.ActiveCfg = Release|Any CPU
		{52D64E51-E1D5-45F6-8C2A-E436C0A03ED3}.AutoTesting|Any CPU.Build.0 = Release|Any CPU
		{52D64E51-E1D5-45F6-8C2A-E436C0A03ED3}.Debug|Any CPU.ActiveCfg = Debug|Any CPU
		{52D64E51-E1D5-45F6-8C2A-E436C0A03ED3}.Debug|Any CPU.Build.0 = Debug|Any CPU
		{52D64E51-E1D5-45F6-8C2A-E436C0A03ED3}.Dev|Any CPU.ActiveCfg = Debug|Any CPU
		{52D64E51-E1D5-45F6-8C2A-E436C0A03ED3}.Dev|Any CPU.Build.0 = Debug|Any CPU
		{52D64E51-E1D5-45F6-8C2A-E436C0A03ED3}.Production|Any CPU.ActiveCfg = Release|Any CPU
		{52D64E51-E1D5-45F6-8C2A-E436C0A03ED3}.Production|Any CPU.Build.0 = Release|Any CPU
		{52D64E51-E1D5-45F6-8C2A-E436C0A03ED3}.Release|Any CPU.ActiveCfg = Release|Any CPU
		{52D64E51-E1D5-45F6-8C2A-E436C0A03ED3}.Release|Any CPU.Build.0 = Release|Any CPU
		{52D64E51-E1D5-45F6-8C2A-E436C0A03ED3}.Sandbox|Any CPU.ActiveCfg = Release|Any CPU
		{52D64E51-E1D5-45F6-8C2A-E436C0A03ED3}.Sandbox|Any CPU.Build.0 = Release|Any CPU
		{52D64E51-E1D5-45F6-8C2A-E436C0A03ED3}.Staging|Any CPU.ActiveCfg = Release|Any CPU
		{52D64E51-E1D5-45F6-8C2A-E436C0A03ED3}.Staging|Any CPU.Build.0 = Release|Any CPU
		{52D64E51-E1D5-45F6-8C2A-E436C0A03ED3}.StagingDebug|Any CPU.ActiveCfg = Debug|Any CPU
		{52D64E51-E1D5-45F6-8C2A-E436C0A03ED3}.StagingDebug|Any CPU.Build.0 = Debug|Any CPU
		{14CB35C3-9D50-41AE-9FBB-F03887B31607}.AutoTesting|Any CPU.ActiveCfg = Debug|Any CPU
		{14CB35C3-9D50-41AE-9FBB-F03887B31607}.AutoTesting|Any CPU.Build.0 = Debug|Any CPU
		{14CB35C3-9D50-41AE-9FBB-F03887B31607}.Debug|Any CPU.ActiveCfg = Debug|Any CPU
		{14CB35C3-9D50-41AE-9FBB-F03887B31607}.Debug|Any CPU.Build.0 = Debug|Any CPU
		{14CB35C3-9D50-41AE-9FBB-F03887B31607}.Dev|Any CPU.ActiveCfg = Debug|Any CPU
		{14CB35C3-9D50-41AE-9FBB-F03887B31607}.Dev|Any CPU.Build.0 = Debug|Any CPU
		{14CB35C3-9D50-41AE-9FBB-F03887B31607}.Production|Any CPU.ActiveCfg = Debug|Any CPU
		{14CB35C3-9D50-41AE-9FBB-F03887B31607}.Production|Any CPU.Build.0 = Debug|Any CPU
		{14CB35C3-9D50-41AE-9FBB-F03887B31607}.Release|Any CPU.ActiveCfg = Release|Any CPU
		{14CB35C3-9D50-41AE-9FBB-F03887B31607}.Release|Any CPU.Build.0 = Release|Any CPU
		{14CB35C3-9D50-41AE-9FBB-F03887B31607}.Sandbox|Any CPU.ActiveCfg = Debug|Any CPU
		{14CB35C3-9D50-41AE-9FBB-F03887B31607}.Sandbox|Any CPU.Build.0 = Debug|Any CPU
		{14CB35C3-9D50-41AE-9FBB-F03887B31607}.Staging|Any CPU.ActiveCfg = Debug|Any CPU
		{14CB35C3-9D50-41AE-9FBB-F03887B31607}.Staging|Any CPU.Build.0 = Debug|Any CPU
		{14CB35C3-9D50-41AE-9FBB-F03887B31607}.StagingDebug|Any CPU.ActiveCfg = Debug|Any CPU
		{14CB35C3-9D50-41AE-9FBB-F03887B31607}.StagingDebug|Any CPU.Build.0 = Debug|Any CPU
		{0F56B1F9-CC41-4176-9AC4-102008EE55BF}.AutoTesting|Any CPU.ActiveCfg = Debug|Any CPU
		{0F56B1F9-CC41-4176-9AC4-102008EE55BF}.AutoTesting|Any CPU.Build.0 = Debug|Any CPU
		{0F56B1F9-CC41-4176-9AC4-102008EE55BF}.Debug|Any CPU.ActiveCfg = Debug|Any CPU
		{0F56B1F9-CC41-4176-9AC4-102008EE55BF}.Debug|Any CPU.Build.0 = Debug|Any CPU
		{0F56B1F9-CC41-4176-9AC4-102008EE55BF}.Dev|Any CPU.ActiveCfg = Debug|Any CPU
		{0F56B1F9-CC41-4176-9AC4-102008EE55BF}.Dev|Any CPU.Build.0 = Debug|Any CPU
		{0F56B1F9-CC41-4176-9AC4-102008EE55BF}.Production|Any CPU.ActiveCfg = Debug|Any CPU
		{0F56B1F9-CC41-4176-9AC4-102008EE55BF}.Production|Any CPU.Build.0 = Debug|Any CPU
		{0F56B1F9-CC41-4176-9AC4-102008EE55BF}.Release|Any CPU.ActiveCfg = Release|Any CPU
		{0F56B1F9-CC41-4176-9AC4-102008EE55BF}.Release|Any CPU.Build.0 = Release|Any CPU
		{0F56B1F9-CC41-4176-9AC4-102008EE55BF}.Sandbox|Any CPU.ActiveCfg = Debug|Any CPU
		{0F56B1F9-CC41-4176-9AC4-102008EE55BF}.Sandbox|Any CPU.Build.0 = Debug|Any CPU
		{0F56B1F9-CC41-4176-9AC4-102008EE55BF}.Staging|Any CPU.ActiveCfg = Debug|Any CPU
		{0F56B1F9-CC41-4176-9AC4-102008EE55BF}.Staging|Any CPU.Build.0 = Debug|Any CPU
		{0F56B1F9-CC41-4176-9AC4-102008EE55BF}.StagingDebug|Any CPU.ActiveCfg = Debug|Any CPU
		{0F56B1F9-CC41-4176-9AC4-102008EE55BF}.StagingDebug|Any CPU.Build.0 = Debug|Any CPU
		{A81EB120-3CF7-4D02-A132-1D21D3BFDFD0}.AutoTesting|Any CPU.ActiveCfg = Debug|Any CPU
		{A81EB120-3CF7-4D02-A132-1D21D3BFDFD0}.AutoTesting|Any CPU.Build.0 = Debug|Any CPU
		{A81EB120-3CF7-4D02-A132-1D21D3BFDFD0}.Debug|Any CPU.ActiveCfg = Debug|Any CPU
		{A81EB120-3CF7-4D02-A132-1D21D3BFDFD0}.Debug|Any CPU.Build.0 = Debug|Any CPU
		{A81EB120-3CF7-4D02-A132-1D21D3BFDFD0}.Dev|Any CPU.ActiveCfg = Debug|Any CPU
		{A81EB120-3CF7-4D02-A132-1D21D3BFDFD0}.Dev|Any CPU.Build.0 = Debug|Any CPU
		{A81EB120-3CF7-4D02-A132-1D21D3BFDFD0}.Production|Any CPU.ActiveCfg = Debug|Any CPU
		{A81EB120-3CF7-4D02-A132-1D21D3BFDFD0}.Production|Any CPU.Build.0 = Debug|Any CPU
		{A81EB120-3CF7-4D02-A132-1D21D3BFDFD0}.Release|Any CPU.ActiveCfg = Release|Any CPU
		{A81EB120-3CF7-4D02-A132-1D21D3BFDFD0}.Release|Any CPU.Build.0 = Release|Any CPU
		{A81EB120-3CF7-4D02-A132-1D21D3BFDFD0}.Sandbox|Any CPU.ActiveCfg = Debug|Any CPU
		{A81EB120-3CF7-4D02-A132-1D21D3BFDFD0}.Sandbox|Any CPU.Build.0 = Debug|Any CPU
		{A81EB120-3CF7-4D02-A132-1D21D3BFDFD0}.Staging|Any CPU.ActiveCfg = Debug|Any CPU
		{A81EB120-3CF7-4D02-A132-1D21D3BFDFD0}.Staging|Any CPU.Build.0 = Debug|Any CPU
		{A81EB120-3CF7-4D02-A132-1D21D3BFDFD0}.StagingDebug|Any CPU.ActiveCfg = Debug|Any CPU
		{A81EB120-3CF7-4D02-A132-1D21D3BFDFD0}.StagingDebug|Any CPU.Build.0 = Debug|Any CPU
		{67A64C69-7868-4A48-A143-C8C05CECD069}.AutoTesting|Any CPU.ActiveCfg = Debug|Any CPU
		{67A64C69-7868-4A48-A143-C8C05CECD069}.AutoTesting|Any CPU.Build.0 = Debug|Any CPU
		{67A64C69-7868-4A48-A143-C8C05CECD069}.Debug|Any CPU.ActiveCfg = Debug|Any CPU
		{67A64C69-7868-4A48-A143-C8C05CECD069}.Debug|Any CPU.Build.0 = Debug|Any CPU
		{67A64C69-7868-4A48-A143-C8C05CECD069}.Dev|Any CPU.ActiveCfg = Debug|Any CPU
		{67A64C69-7868-4A48-A143-C8C05CECD069}.Dev|Any CPU.Build.0 = Debug|Any CPU
		{67A64C69-7868-4A48-A143-C8C05CECD069}.Production|Any CPU.ActiveCfg = Debug|Any CPU
		{67A64C69-7868-4A48-A143-C8C05CECD069}.Production|Any CPU.Build.0 = Debug|Any CPU
		{67A64C69-7868-4A48-A143-C8C05CECD069}.Release|Any CPU.ActiveCfg = Release|Any CPU
		{67A64C69-7868-4A48-A143-C8C05CECD069}.Release|Any CPU.Build.0 = Release|Any CPU
		{67A64C69-7868-4A48-A143-C8C05CECD069}.Sandbox|Any CPU.ActiveCfg = Debug|Any CPU
		{67A64C69-7868-4A48-A143-C8C05CECD069}.Sandbox|Any CPU.Build.0 = Debug|Any CPU
		{67A64C69-7868-4A48-A143-C8C05CECD069}.Staging|Any CPU.ActiveCfg = Debug|Any CPU
		{67A64C69-7868-4A48-A143-C8C05CECD069}.Staging|Any CPU.Build.0 = Debug|Any CPU
		{67A64C69-7868-4A48-A143-C8C05CECD069}.StagingDebug|Any CPU.ActiveCfg = Debug|Any CPU
		{67A64C69-7868-4A48-A143-C8C05CECD069}.StagingDebug|Any CPU.Build.0 = Debug|Any CPU
		{05F08704-A000-4B3A-A1BA-8F52C98FA64C}.AutoTesting|Any CPU.ActiveCfg = Debug|Any CPU
		{05F08704-A000-4B3A-A1BA-8F52C98FA64C}.AutoTesting|Any CPU.Build.0 = Debug|Any CPU
		{05F08704-A000-4B3A-A1BA-8F52C98FA64C}.Debug|Any CPU.ActiveCfg = Debug|Any CPU
		{05F08704-A000-4B3A-A1BA-8F52C98FA64C}.Debug|Any CPU.Build.0 = Debug|Any CPU
		{05F08704-A000-4B3A-A1BA-8F52C98FA64C}.Dev|Any CPU.ActiveCfg = Debug|Any CPU
		{05F08704-A000-4B3A-A1BA-8F52C98FA64C}.Dev|Any CPU.Build.0 = Debug|Any CPU
		{05F08704-A000-4B3A-A1BA-8F52C98FA64C}.Production|Any CPU.ActiveCfg = Debug|Any CPU
		{05F08704-A000-4B3A-A1BA-8F52C98FA64C}.Production|Any CPU.Build.0 = Debug|Any CPU
		{05F08704-A000-4B3A-A1BA-8F52C98FA64C}.Release|Any CPU.ActiveCfg = Release|Any CPU
		{05F08704-A000-4B3A-A1BA-8F52C98FA64C}.Release|Any CPU.Build.0 = Release|Any CPU
		{05F08704-A000-4B3A-A1BA-8F52C98FA64C}.Sandbox|Any CPU.ActiveCfg = Debug|Any CPU
		{05F08704-A000-4B3A-A1BA-8F52C98FA64C}.Sandbox|Any CPU.Build.0 = Debug|Any CPU
		{05F08704-A000-4B3A-A1BA-8F52C98FA64C}.Staging|Any CPU.ActiveCfg = Debug|Any CPU
		{05F08704-A000-4B3A-A1BA-8F52C98FA64C}.Staging|Any CPU.Build.0 = Debug|Any CPU
		{05F08704-A000-4B3A-A1BA-8F52C98FA64C}.StagingDebug|Any CPU.ActiveCfg = Debug|Any CPU
		{05F08704-A000-4B3A-A1BA-8F52C98FA64C}.StagingDebug|Any CPU.Build.0 = Debug|Any CPU
		{A1D32978-7D9F-4EB0-A5C6-4702D0E52807}.AutoTesting|Any CPU.ActiveCfg = Debug|Any CPU
		{A1D32978-7D9F-4EB0-A5C6-4702D0E52807}.AutoTesting|Any CPU.Build.0 = Debug|Any CPU
		{A1D32978-7D9F-4EB0-A5C6-4702D0E52807}.Debug|Any CPU.ActiveCfg = Debug|Any CPU
		{A1D32978-7D9F-4EB0-A5C6-4702D0E52807}.Debug|Any CPU.Build.0 = Debug|Any CPU
		{A1D32978-7D9F-4EB0-A5C6-4702D0E52807}.Dev|Any CPU.ActiveCfg = Debug|Any CPU
		{A1D32978-7D9F-4EB0-A5C6-4702D0E52807}.Dev|Any CPU.Build.0 = Debug|Any CPU
		{A1D32978-7D9F-4EB0-A5C6-4702D0E52807}.Production|Any CPU.ActiveCfg = Debug|Any CPU
		{A1D32978-7D9F-4EB0-A5C6-4702D0E52807}.Production|Any CPU.Build.0 = Debug|Any CPU
		{A1D32978-7D9F-4EB0-A5C6-4702D0E52807}.Release|Any CPU.ActiveCfg = Release|Any CPU
		{A1D32978-7D9F-4EB0-A5C6-4702D0E52807}.Release|Any CPU.Build.0 = Release|Any CPU
		{A1D32978-7D9F-4EB0-A5C6-4702D0E52807}.Sandbox|Any CPU.ActiveCfg = Debug|Any CPU
		{A1D32978-7D9F-4EB0-A5C6-4702D0E52807}.Sandbox|Any CPU.Build.0 = Debug|Any CPU
		{A1D32978-7D9F-4EB0-A5C6-4702D0E52807}.Staging|Any CPU.ActiveCfg = Debug|Any CPU
		{A1D32978-7D9F-4EB0-A5C6-4702D0E52807}.Staging|Any CPU.Build.0 = Debug|Any CPU
		{A1D32978-7D9F-4EB0-A5C6-4702D0E52807}.StagingDebug|Any CPU.ActiveCfg = Debug|Any CPU
		{A1D32978-7D9F-4EB0-A5C6-4702D0E52807}.StagingDebug|Any CPU.Build.0 = Debug|Any CPU
		{E6496D95-7FF7-4783-BD06-6D15B67600FA}.AutoTesting|Any CPU.ActiveCfg = Release|Any CPU
		{E6496D95-7FF7-4783-BD06-6D15B67600FA}.AutoTesting|Any CPU.Build.0 = Release|Any CPU
		{E6496D95-7FF7-4783-BD06-6D15B67600FA}.Debug|Any CPU.ActiveCfg = Debug|Any CPU
		{E6496D95-7FF7-4783-BD06-6D15B67600FA}.Debug|Any CPU.Build.0 = Debug|Any CPU
		{E6496D95-7FF7-4783-BD06-6D15B67600FA}.Dev|Any CPU.ActiveCfg = Debug|Any CPU
		{E6496D95-7FF7-4783-BD06-6D15B67600FA}.Dev|Any CPU.Build.0 = Debug|Any CPU
		{E6496D95-7FF7-4783-BD06-6D15B67600FA}.Production|Any CPU.ActiveCfg = Release|Any CPU
		{E6496D95-7FF7-4783-BD06-6D15B67600FA}.Production|Any CPU.Build.0 = Release|Any CPU
		{E6496D95-7FF7-4783-BD06-6D15B67600FA}.Release|Any CPU.ActiveCfg = Release|Any CPU
		{E6496D95-7FF7-4783-BD06-6D15B67600FA}.Release|Any CPU.Build.0 = Release|Any CPU
		{E6496D95-7FF7-4783-BD06-6D15B67600FA}.Sandbox|Any CPU.ActiveCfg = Release|Any CPU
		{E6496D95-7FF7-4783-BD06-6D15B67600FA}.Sandbox|Any CPU.Build.0 = Release|Any CPU
		{E6496D95-7FF7-4783-BD06-6D15B67600FA}.Staging|Any CPU.ActiveCfg = Release|Any CPU
		{E6496D95-7FF7-4783-BD06-6D15B67600FA}.Staging|Any CPU.Build.0 = Release|Any CPU
		{E6496D95-7FF7-4783-BD06-6D15B67600FA}.StagingDebug|Any CPU.ActiveCfg = Debug|Any CPU
		{E6496D95-7FF7-4783-BD06-6D15B67600FA}.StagingDebug|Any CPU.Build.0 = Debug|Any CPU
	EndGlobalSection
	GlobalSection(SolutionProperties) = preSolution
		HideSolutionNode = FALSE
	EndGlobalSection
	GlobalSection(NestedProjects) = preSolution
		{B008531E-4879-4547-A5E1-B30AD176A669} = {79CB37C0-E344-4E7F-B012-F63394A377B7}
		{ADBAC768-C2F7-43BD-AA76-FC004BC054D8} = {79CB37C0-E344-4E7F-B012-F63394A377B7}
		{5DA0C909-A90C-4D12-B450-137A8555C0E2} = {79CB37C0-E344-4E7F-B012-F63394A377B7}
		{E6496D95-7FF7-4783-BD06-6D15B67600FA} = {79CB37C0-E344-4E7F-B012-F63394A377B7}
	EndGlobalSection
EndGlobal
