
Microsoft Visual Studio Solution File, Format Version 12.00
# Visual Studio 15
VisualStudioVersion = 15.0.26711.1
MinimumVisualStudioVersion = 10.0.40219.1
Project("{FAE04EC0-301F-11D3-BF4B-00C04F79EFBC}") = "Shop", "Shop\Shop.csproj", "{87D69DDF-2C5D-43BC-BA68-B32623E7E375}"
EndProject
Global
	GlobalSection(SolutionConfigurationPlatforms) = preSolution
		Debug|Any CPU = Debug|Any CPU
		Release|Any CPU = Release|Any CPU
	EndGlobalSection
	GlobalSection(ProjectConfigurationPlatforms) = postSolution
		{87D69DDF-2C5D-43BC-BA68-B32623E7E375}.Debug|Any CPU.ActiveCfg = Debug|Any CPU
		{87D69DDF-2C5D-43BC-BA68-B32623E7E375}.Debug|Any CPU.Build.0 = Debug|Any CPU
		{87D69DDF-2C5D-43BC-BA68-B32623E7E375}.Release|Any CPU.ActiveCfg = Release|Any CPU
		{87D69DDF-2C5D-43BC-BA68-B32623E7E375}.Release|Any CPU.Build.0 = Release|Any CPU
	EndGlobalSection
	GlobalSection(SolutionProperties) = preSolution
		HideSolutionNode = FALSE
	EndGlobalSection
	GlobalSection(ExtensibilityGlobals) = postSolution
		SolutionGuid = {4E8EF52B-92E0-448F-A5D6-5C1C548CCCE3}
	EndGlobalSection
EndGlobal
