
Microsoft Visual Studio Solution File, Format Version 12.00
# Visual Studio 15
VisualStudioVersion = 15.0.26711.1
MinimumVisualStudioVersion = 10.0.40219.1
Project("{FAE04EC0-301F-11D3-BF4B-00C04F79EFBC}") = "Shop.Infrastructure", "..\Shop.Infrastructure\Shop.Infrastructure.csproj", "{DD89FF59-69D6-443D-BA52-669A41F62ADC}"
EndProject
Project("{FAE04EC0-301F-11D3-BF4B-00C04F79EFBC}") = "Shop.Domain", "..\Shop.Domain\Shop.Domain.csproj", "{EE0B4C0C-7368-4316-8C95-410C91B3E683}"
EndProject
Project("{FAE04EC0-301F-11D3-BF4B-00C04F79EFBC}") = "Shop.ReadModel", "..\Shop.ReadModel\Shop.ReadModel.csproj", "{105B2938-9764-4341-9C70-D8EAF182D516}"
EndProject
Project("{9A19103F-16F7-4668-BE54-9A1E7A4F7556}") = "Shop.Web", "..\Shop.Web\Shop.Web.csproj", "{4A440C5C-50A6-4264-8BF7-FB00A64AC81D}"
EndProject
Project("{FAE04EC0-301F-11D3-BF4B-00C04F79EFBC}") = "Shop.Composition", "..\Shop.Composition\Shop.Composition.csproj", "{B2A45BA3-C914-429E-BCC4-DF1199E6D072}"
EndProject
Project("{FAE04EC0-301F-11D3-BF4B-00C04F79EFBC}") = "Shop.Tests.Unit", "..\Shop.Tests.Unit\Shop.Tests.Unit.csproj", "{4A92DD22-5C34-4F30-9CB3-1FEB4E452CC2}"
EndProject
Project("{FAE04EC0-301F-11D3-BF4B-00C04F79EFBC}") = "Shop.Tests.Acceptance", "..\Shop.Tests.Acceptance\Shop.Tests.Acceptance.csproj", "{ED7A4C35-71B2-4ECA-9E18-98D62F9B83A7}"
EndProject
Global
	GlobalSection(SolutionConfigurationPlatforms) = preSolution
		Debug|Any CPU = Debug|Any CPU
		Release|Any CPU = Release|Any CPU
	EndGlobalSection
	GlobalSection(ProjectConfigurationPlatforms) = postSolution
		{DD89FF59-69D6-443D-BA52-669A41F62ADC}.Debug|Any CPU.ActiveCfg = Debug|Any CPU
		{DD89FF59-69D6-443D-BA52-669A41F62ADC}.Debug|Any CPU.Build.0 = Debug|Any CPU
		{DD89FF59-69D6-443D-BA52-669A41F62ADC}.Release|Any CPU.ActiveCfg = Release|Any CPU
		{DD89FF59-69D6-443D-BA52-669A41F62ADC}.Release|Any CPU.Build.0 = Release|Any CPU
		{EE0B4C0C-7368-4316-8C95-410C91B3E683}.Debug|Any CPU.ActiveCfg = Debug|Any CPU
		{EE0B4C0C-7368-4316-8C95-410C91B3E683}.Debug|Any CPU.Build.0 = Debug|Any CPU
		{EE0B4C0C-7368-4316-8C95-410C91B3E683}.Release|Any CPU.ActiveCfg = Release|Any CPU
		{EE0B4C0C-7368-4316-8C95-410C91B3E683}.Release|Any CPU.Build.0 = Release|Any CPU
		{105B2938-9764-4341-9C70-D8EAF182D516}.Debug|Any CPU.ActiveCfg = Debug|Any CPU
		{105B2938-9764-4341-9C70-D8EAF182D516}.Debug|Any CPU.Build.0 = Debug|Any CPU
		{105B2938-9764-4341-9C70-D8EAF182D516}.Release|Any CPU.ActiveCfg = Release|Any CPU
		{105B2938-9764-4341-9C70-D8EAF182D516}.Release|Any CPU.Build.0 = Release|Any CPU
		{4A440C5C-50A6-4264-8BF7-FB00A64AC81D}.Debug|Any CPU.ActiveCfg = Debug|Any CPU
		{4A440C5C-50A6-4264-8BF7-FB00A64AC81D}.Debug|Any CPU.Build.0 = Debug|Any CPU
		{4A440C5C-50A6-4264-8BF7-FB00A64AC81D}.Release|Any CPU.ActiveCfg = Release|Any CPU
		{4A440C5C-50A6-4264-8BF7-FB00A64AC81D}.Release|Any CPU.Build.0 = Release|Any CPU
		{B2A45BA3-C914-429E-BCC4-DF1199E6D072}.Debug|Any CPU.ActiveCfg = Debug|Any CPU
		{B2A45BA3-C914-429E-BCC4-DF1199E6D072}.Debug|Any CPU.Build.0 = Debug|Any CPU
		{B2A45BA3-C914-429E-BCC4-DF1199E6D072}.Release|Any CPU.ActiveCfg = Release|Any CPU
		{B2A45BA3-C914-429E-BCC4-DF1199E6D072}.Release|Any CPU.Build.0 = Release|Any CPU
		{4A92DD22-5C34-4F30-9CB3-1FEB4E452CC2}.Debug|Any CPU.ActiveCfg = Debug|Any CPU
		{4A92DD22-5C34-4F30-9CB3-1FEB4E452CC2}.Debug|Any CPU.Build.0 = Debug|Any CPU
		{4A92DD22-5C34-4F30-9CB3-1FEB4E452CC2}.Release|Any CPU.ActiveCfg = Release|Any CPU
		{4A92DD22-5C34-4F30-9CB3-1FEB4E452CC2}.Release|Any CPU.Build.0 = Release|Any CPU
		{ED7A4C35-71B2-4ECA-9E18-98D62F9B83A7}.Debug|Any CPU.ActiveCfg = Debug|Any CPU
		{ED7A4C35-71B2-4ECA-9E18-98D62F9B83A7}.Debug|Any CPU.Build.0 = Debug|Any CPU
		{ED7A4C35-71B2-4ECA-9E18-98D62F9B83A7}.Release|Any CPU.ActiveCfg = Release|Any CPU
		{ED7A4C35-71B2-4ECA-9E18-98D62F9B83A7}.Release|Any CPU.Build.0 = Release|Any CPU
	EndGlobalSection
	GlobalSection(SolutionProperties) = preSolution
		HideSolutionNode = FALSE
	EndGlobalSection
	GlobalSection(ExtensibilityGlobals) = postSolution
		SolutionGuid = {4E8EF52B-92E0-448F-A5D6-5C1C548CCCE3}
	EndGlobalSection
EndGlobal
